// !$*UTF8*$!
{
	archiveVersion = 1;
	classes = {
	};
	objectVersion = 56;
	objects = {

/* Begin PBXBuildFile section */
		961F14182A38D16E00BF9A7C /* AppDelegate.swift in Sources */ = {isa = PBXBuildFile; fileRef = 961F14172A38D16E00BF9A7C /* AppDelegate.swift */; };
		961F14222A38D16E00BF9A7C /* TenAroundMe.xcdatamodeld in Sources */ = {isa = PBXBuildFile; fileRef = 961F14202A38D16E00BF9A7C /* TenAroundMe.xcdatamodeld */; };
		961F14242A38D17000BF9A7C /* Assets.xcassets in Resources */ = {isa = PBXBuildFile; fileRef = 961F14232A38D17000BF9A7C /* Assets.xcassets */; };
		961F14272A38D17000BF9A7C /* LaunchScreen.storyboard in Resources */ = {isa = PBXBuildFile; fileRef = 961F14252A38D17000BF9A7C /* LaunchScreen.storyboard */; };
		961F14322A38D17000BF9A7C /* TenAroundMeTests.swift in Sources */ = {isa = PBXBuildFile; fileRef = 961F14312A38D17000BF9A7C /* TenAroundMeTests.swift */; };
		961F143C2A38D17000BF9A7C /* TenAroundMeUITests.swift in Sources */ = {isa = PBXBuildFile; fileRef = 961F143B2A38D17000BF9A7C /* TenAroundMeUITests.swift */; };
		961F143E2A38D17000BF9A7C /* TenAroundMeUITestsLaunchTests.swift in Sources */ = {isa = PBXBuildFile; fileRef = 961F143D2A38D17000BF9A7C /* TenAroundMeUITestsLaunchTests.swift */; };
		961F145F2A38D8BA00BF9A7C /* Project Description.swift in Sources */ = {isa = PBXBuildFile; fileRef = 961F145E2A38D8BA00BF9A7C /* Project Description.swift */; };
		961F14672A38E9E100BF9A7C /* Daily Journal.swift in Sources */ = {isa = PBXBuildFile; fileRef = 961F14662A38E9E100BF9A7C /* Daily Journal.swift */; };
		961F14692A38FD0A00BF9A7C /* Project Decisions.swift in Sources */ = {isa = PBXBuildFile; fileRef = 961F14682A38FD0A00BF9A7C /* Project Decisions.swift */; };
		961F146B2A3A3F6C00BF9A7C /* MockUps.png in Resources */ = {isa = PBXBuildFile; fileRef = 961F146A2A3A3F6C00BF9A7C /* MockUps.png */; };
		961F146F2A3B90DA00BF9A7C /* Public Link.swift in Sources */ = {isa = PBXBuildFile; fileRef = 961F146E2A3B90DA00BF9A7C /* Public Link.swift */; };
		961F14762A3BAF7300BF9A7C /* MapVC.swift in Sources */ = {isa = PBXBuildFile; fileRef = 961F14742A3BAF7300BF9A7C /* MapVC.swift */; };
		961F14792A3BB03800BF9A7C /* Map.storyboard in Resources */ = {isa = PBXBuildFile; fileRef = 961F14782A3BB03800BF9A7C /* Map.storyboard */; };
		961F14802A3BB2C700BF9A7C /* DetailVC.swift in Sources */ = {isa = PBXBuildFile; fileRef = 961F147E2A3BB2C700BF9A7C /* DetailVC.swift */; };
		961F14812A3BB2C700BF9A7C /* DetailVC.xib in Resources */ = {isa = PBXBuildFile; fileRef = 961F147F2A3BB2C700BF9A7C /* DetailVC.xib */; };
		961F14A12A3CCA1D00BF9A7C /* MapModel.swift in Sources */ = {isa = PBXBuildFile; fileRef = 961F14A02A3CCA1D00BF9A7C /* MapModel.swift */; };
		961F14A32A3CCB1500BF9A7C /* MapVM.swift in Sources */ = {isa = PBXBuildFile; fileRef = 961F14A22A3CCB1500BF9A7C /* MapVM.swift */; };
		961F14C22A3CE33500BF9A7C /* MapVC+Contract.swift in Sources */ = {isa = PBXBuildFile; fileRef = 961F14C12A3CE33500BF9A7C /* MapVC+Contract.swift */; };
		961F14C42A3CE38F00BF9A7C /* MapVC+Extension.swift in Sources */ = {isa = PBXBuildFile; fileRef = 961F14C32A3CE38F00BF9A7C /* MapVC+Extension.swift */; };
		961F14C82A3CE3CF00BF9A7C /* MapVC+MapVCContract.swift in Sources */ = {isa = PBXBuildFile; fileRef = 961F14C72A3CE3CF00BF9A7C /* MapVC+MapVCContract.swift */; };
		961F14CA2A3CE43E00BF9A7C /* MapVC+MapVMDelegate.swift in Sources */ = {isa = PBXBuildFile; fileRef = 961F14C92A3CE43E00BF9A7C /* MapVC+MapVMDelegate.swift */; };
		961F14E22A3CEBA700BF9A7C /* MapModelDelegate.swift in Sources */ = {isa = PBXBuildFile; fileRef = 961F14E12A3CEBA700BF9A7C /* MapModelDelegate.swift */; };
		961F14EA2A3CEF4200BF9A7C /* MapVM+Contract.swift in Sources */ = {isa = PBXBuildFile; fileRef = 961F14E92A3CEF4200BF9A7C /* MapVM+Contract.swift */; };
		961F14EC2A3CEF6E00BF9A7C /* MapVM+Delegate.swift in Sources */ = {isa = PBXBuildFile; fileRef = 961F14EB2A3CEF6E00BF9A7C /* MapVM+Delegate.swift */; };
		961F14F02A3CEFFB00BF9A7C /* MapVM+Extension.swift in Sources */ = {isa = PBXBuildFile; fileRef = 961F14EF2A3CEFFB00BF9A7C /* MapVM+Extension.swift */; };
		961F14F42A3CF06F00BF9A7C /* MapVM+MapVMContract.swift in Sources */ = {isa = PBXBuildFile; fileRef = 961F14F32A3CF06F00BF9A7C /* MapVM+MapVMContract.swift */; };
		961F14F72A3CF0E200BF9A7C /* MapVM+MapModelDelegate.swift in Sources */ = {isa = PBXBuildFile; fileRef = 961F14F62A3CF0E200BF9A7C /* MapVM+MapModelDelegate.swift */; };
		96362CD82A3E599C00E561E0 /* Endpoint.swift in Sources */ = {isa = PBXBuildFile; fileRef = 96362CD72A3E599C00E561E0 /* Endpoint.swift */; };
		96362CDA2A3E5A4200E561E0 /* Use Cases & Thoughts.swift in Sources */ = {isa = PBXBuildFile; fileRef = 96362CD92A3E5A4200E561E0 /* Use Cases & Thoughts.swift */; };
		96362CDC2A3E719C00E561E0 /* Position.swift in Sources */ = {isa = PBXBuildFile; fileRef = 96362CDB2A3E719C00E561E0 /* Position.swift */; };
		96362CE02A3E781800E561E0 /* EndpointTypes.swift in Sources */ = {isa = PBXBuildFile; fileRef = 96362CDF2A3E781800E561E0 /* EndpointTypes.swift */; };
		96362CE42A3E968700E561E0 /* PlacesDTO.swift in Sources */ = {isa = PBXBuildFile; fileRef = 96362CE32A3E968700E561E0 /* PlacesDTO.swift */; };
		96362CE62A3E970700E561E0 /* DetailDTO.swift in Sources */ = {isa = PBXBuildFile; fileRef = 96362CE52A3E970700E561E0 /* DetailDTO.swift */; };
		96362CE82A3E976800E561E0 /* SuggestDTO.swift in Sources */ = {isa = PBXBuildFile; fileRef = 96362CE72A3E976800E561E0 /* SuggestDTO.swift */; };
		96362CEB2A3F238600E561E0 /* PlacesDataModel.swift in Sources */ = {isa = PBXBuildFile; fileRef = 96362CEA2A3F238600E561E0 /* PlacesDataModel.swift */; };
		96362CED2A3F23CC00E561E0 /* SuggestDataModel.swift in Sources */ = {isa = PBXBuildFile; fileRef = 96362CEC2A3F23CC00E561E0 /* SuggestDataModel.swift */; };
		96362CF12A3F3EB000E561E0 /* SearchResultsVC+Contract.swift in Sources */ = {isa = PBXBuildFile; fileRef = 96362CF02A3F3EB000E561E0 /* SearchResultsVC+Contract.swift */; };
		96362CF42A3F3F1700E561E0 /* SearchResultsVC+SearchResultsVCContract.swift in Sources */ = {isa = PBXBuildFile; fileRef = 96362CF32A3F3F1700E561E0 /* SearchResultsVC+SearchResultsVCContract.swift */; };
		96362CF62A3F567D00E561E0 /* MapVC+UISearchControllerDelegate.swift in Sources */ = {isa = PBXBuildFile; fileRef = 96362CF52A3F567D00E561E0 /* MapVC+UISearchControllerDelegate.swift */; };
		96362CF82A3F858500E561E0 /* AppConstants.swift in Sources */ = {isa = PBXBuildFile; fileRef = 96362CF72A3F858500E561E0 /* AppConstants.swift */; };
		96362D012A3FC5A900E561E0 /* MapVC+CLLocationManagerDelegate.swift in Sources */ = {isa = PBXBuildFile; fileRef = 96362D002A3FC5A900E561E0 /* MapVC+CLLocationManagerDelegate.swift */; };
		9672E0F52A3FD92A005A8822 /* Flag.swift in Sources */ = {isa = PBXBuildFile; fileRef = 9672E0F42A3FD92A005A8822 /* Flag.swift */; };
		9672E0F82A3FDC40005A8822 /* Places.swift in Sources */ = {isa = PBXBuildFile; fileRef = 9672E0F72A3FDC40005A8822 /* Places.swift */; };
		9672E0FA2A3FDF4E005A8822 /* CLLocation.swift in Sources */ = {isa = PBXBuildFile; fileRef = 9672E0F92A3FDF4E005A8822 /* CLLocation.swift */; };
		9672E1042A408B10005A8822 /* MapVC+MKMapViewDelegate.swift in Sources */ = {isa = PBXBuildFile; fileRef = 9672E1032A408B10005A8822 /* MapVC+MKMapViewDelegate.swift */; };
		9672E1062A40B209005A8822 /* String.swift in Sources */ = {isa = PBXBuildFile; fileRef = 9672E1052A40B209005A8822 /* String.swift */; };
		9672E10C2A40E0A6005A8822 /* PlacesResultsTableVC+Contract.swift in Sources */ = {isa = PBXBuildFile; fileRef = 9672E10B2A40E0A6005A8822 /* PlacesResultsTableVC+Contract.swift */; };
		9672E10F2A40E6DD005A8822 /* PlacesResultsVC.swift in Sources */ = {isa = PBXBuildFile; fileRef = 9672E10D2A40E6DD005A8822 /* PlacesResultsVC.swift */; };
		9672E1102A40E6DD005A8822 /* PlacesResultsVC.xib in Resources */ = {isa = PBXBuildFile; fileRef = 9672E10E2A40E6DD005A8822 /* PlacesResultsVC.xib */; };
		9672E1152A40E937005A8822 /* PlacesResultsVC+PlacesResultsVCContract.swift in Sources */ = {isa = PBXBuildFile; fileRef = 9672E1142A40E937005A8822 /* PlacesResultsVC+PlacesResultsVCContract.swift */; };
		9672E11A2A40EA73005A8822 /* PlacesResultsVC+UITableViewDelegate.swift in Sources */ = {isa = PBXBuildFile; fileRef = 9672E1192A40EA73005A8822 /* PlacesResultsVC+UITableViewDelegate.swift */; };
		9672E11C2A40EA8D005A8822 /* PlacesResultsVC+UITableViewDatasource.swift in Sources */ = {isa = PBXBuildFile; fileRef = 9672E11B2A40EA8D005A8822 /* PlacesResultsVC+UITableViewDatasource.swift */; };
		9672E11E2A40EB1A005A8822 /* PlacesResultsVC+PlacesCellDelegate.swift in Sources */ = {isa = PBXBuildFile; fileRef = 9672E11D2A40EB1A005A8822 /* PlacesResultsVC+PlacesCellDelegate.swift */; };
		9672E1222A40EBCD005A8822 /* PlacesCell.swift in Sources */ = {isa = PBXBuildFile; fileRef = 9672E1202A40EBCD005A8822 /* PlacesCell.swift */; };
		9672E1232A40EBCD005A8822 /* PlacesCell.xib in Resources */ = {isa = PBXBuildFile; fileRef = 9672E1212A40EBCD005A8822 /* PlacesCell.xib */; };
		9672E12C2A40ED57005A8822 /* PlacesCell+Delegate.swift in Sources */ = {isa = PBXBuildFile; fileRef = 9672E12B2A40ED57005A8822 /* PlacesCell+Delegate.swift */; };
		9672E13C2A425A15005A8822 /* Alpha3.swift in Sources */ = {isa = PBXBuildFile; fileRef = 9672E13B2A425A15005A8822 /* Alpha3.swift */; };
		968625872A3DC00700ACFC26 /* MapVC+UISearchBarDelegate.swift in Sources */ = {isa = PBXBuildFile; fileRef = 968625862A3DC00600ACFC26 /* MapVC+UISearchBarDelegate.swift */; };
		9686258A2A3DC52E00ACFC26 /* SearchResultsVC.swift in Sources */ = {isa = PBXBuildFile; fileRef = 968625882A3DC52E00ACFC26 /* SearchResultsVC.swift */; };
		9686258B2A3DC52E00ACFC26 /* SearchResultsVC.xib in Resources */ = {isa = PBXBuildFile; fileRef = 968625892A3DC52E00ACFC26 /* SearchResultsVC.xib */; };
		968625922A3DC9DB00ACFC26 /* SearchCell.swift in Sources */ = {isa = PBXBuildFile; fileRef = 968625902A3DC9DB00ACFC26 /* SearchCell.swift */; };
		968625932A3DC9DB00ACFC26 /* SearchCell.xib in Resources */ = {isa = PBXBuildFile; fileRef = 968625912A3DC9DB00ACFC26 /* SearchCell.xib */; };
		9686259E2A3DCAC000ACFC26 /* SearchCellModel.swift in Sources */ = {isa = PBXBuildFile; fileRef = 9686259D2A3DCAC000ACFC26 /* SearchCellModel.swift */; };
		968625A72A3DCC5D00ACFC26 /* SearchResultsVC+UITableViewDelegate.swift in Sources */ = {isa = PBXBuildFile; fileRef = 968625A62A3DCC5D00ACFC26 /* SearchResultsVC+UITableViewDelegate.swift */; };
		968625A92A3DCCC100ACFC26 /* SearchResultsVC+UITableViewDatasource.swift in Sources */ = {isa = PBXBuildFile; fileRef = 968625A82A3DCCC100ACFC26 /* SearchResultsVC+UITableViewDatasource.swift */; };
		96BA72082A43615300442923 /* CoreDataTableVC.swift in Sources */ = {isa = PBXBuildFile; fileRef = 96BA72072A43615300442923 /* CoreDataTableVC.swift */; };
		96BA720A2A438B0E00442923 /* CoreDataModel.swift in Sources */ = {isa = PBXBuildFile; fileRef = 96BA72092A438B0E00442923 /* CoreDataModel.swift */; };
		96BA720C2A446C9B00442923 /* Int.swift in Sources */ = {isa = PBXBuildFile; fileRef = 96BA720B2A446C9B00442923 /* Int.swift */; };
		96BA720E2A446FFE00442923 /* Double.swift in Sources */ = {isa = PBXBuildFile; fileRef = 96BA720D2A446FFE00442923 /* Double.swift */; };
		96BA72142A449FF100442923 /* DetailVC+Contract.swift in Sources */ = {isa = PBXBuildFile; fileRef = 96BA72132A449FF100442923 /* DetailVC+Contract.swift */; };
		96BA72192A44A09100442923 /* DetailVC+DetailVCContract.swift in Sources */ = {isa = PBXBuildFile; fileRef = 96BA72182A44A09100442923 /* DetailVC+DetailVCContract.swift */; };
		96E198FA2A3DF17000CBD393 /* NetworkAdapter.swift in Sources */ = {isa = PBXBuildFile; fileRef = 96E198F92A3DF17000CBD393 /* NetworkAdapter.swift */; };
		96E199022A3DF30D00CBD393 /* InternetManager.swift in Sources */ = {isa = PBXBuildFile; fileRef = 96E199012A3DF30D00CBD393 /* InternetManager.swift */; };
		96E199042A3DF4BC00CBD393 /* Endpointable+Contract.swift in Sources */ = {isa = PBXBuildFile; fileRef = 96E199032A3DF4BC00CBD393 /* Endpointable+Contract.swift */; };
		96E199062A3DF55200CBD393 /* RequestType.swift in Sources */ = {isa = PBXBuildFile; fileRef = 96E199052A3DF55200CBD393 /* RequestType.swift */; };
		96E1990A2A3DF58D00CBD393 /* NetworkAdapter+Extension.swift in Sources */ = {isa = PBXBuildFile; fileRef = 96E199092A3DF58D00CBD393 /* NetworkAdapter+Extension.swift */; };
		96E1990C2A3DF5E400CBD393 /* NetworkErrorTypes.swift in Sources */ = {isa = PBXBuildFile; fileRef = 96E1990B2A3DF5E400CBD393 /* NetworkErrorTypes.swift */; };
		96E1990E2A3DF64600CBD393 /* GeocodingSearchAPI.swift in Sources */ = {isa = PBXBuildFile; fileRef = 96E1990D2A3DF64600CBD393 /* GeocodingSearchAPI.swift */; };
		96E199102A3DF73F00CBD393 /* RequestQuery.swift in Sources */ = {isa = PBXBuildFile; fileRef = 96E1990F2A3DF73F00CBD393 /* RequestQuery.swift */; };
		96E199172A3DFC3300CBD393 /* SearchQuery.swift in Sources */ = {isa = PBXBuildFile; fileRef = 96E199162A3DFC3300CBD393 /* SearchQuery.swift */; };
		96E1991A2A3DFCCA00CBD393 /* GeocodingSearchAPI+Endpointable.swift in Sources */ = {isa = PBXBuildFile; fileRef = 96E199192A3DFCCA00CBD393 /* GeocodingSearchAPI+Endpointable.swift */; };
		96E1991D2A3DFD1700CBD393 /* HardCoded+String.swift in Sources */ = {isa = PBXBuildFile; fileRef = 96E1991C2A3DFD1700CBD393 /* HardCoded+String.swift */; };
		96E1991F2A3DFDBB00CBD393 /* HardCoded+API.swift in Sources */ = {isa = PBXBuildFile; fileRef = 96E1991E2A3DFDBB00CBD393 /* HardCoded+API.swift */; };
		96E199242A3E159C00CBD393 /* GeocodingSearchAPI+Extension.swift in Sources */ = {isa = PBXBuildFile; fileRef = 96E199232A3E159C00CBD393 /* GeocodingSearchAPI+Extension.swift */; };
/* End PBXBuildFile section */

/* Begin PBXContainerItemProxy section */
		961F142E2A38D17000BF9A7C /* PBXContainerItemProxy */ = {
			isa = PBXContainerItemProxy;
			containerPortal = 961F140C2A38D16E00BF9A7C /* Project object */;
			proxyType = 1;
			remoteGlobalIDString = 961F14132A38D16E00BF9A7C;
			remoteInfo = TenAroundMe;
		};
		961F14382A38D17000BF9A7C /* PBXContainerItemProxy */ = {
			isa = PBXContainerItemProxy;
			containerPortal = 961F140C2A38D16E00BF9A7C /* Project object */;
			proxyType = 1;
			remoteGlobalIDString = 961F14132A38D16E00BF9A7C;
			remoteInfo = TenAroundMe;
		};
/* End PBXContainerItemProxy section */

/* Begin PBXFileReference section */
		961F14142A38D16E00BF9A7C /* TenAroundMe.app */ = {isa = PBXFileReference; explicitFileType = wrapper.application; includeInIndex = 0; path = TenAroundMe.app; sourceTree = BUILT_PRODUCTS_DIR; };
		961F14172A38D16E00BF9A7C /* AppDelegate.swift */ = {isa = PBXFileReference; lastKnownFileType = sourcecode.swift; path = AppDelegate.swift; sourceTree = "<group>"; };
		961F14212A38D16E00BF9A7C /* TenAroundMe.xcdatamodel */ = {isa = PBXFileReference; lastKnownFileType = wrapper.xcdatamodel; path = TenAroundMe.xcdatamodel; sourceTree = "<group>"; };
		961F14232A38D17000BF9A7C /* Assets.xcassets */ = {isa = PBXFileReference; lastKnownFileType = folder.assetcatalog; path = Assets.xcassets; sourceTree = "<group>"; };
		961F14262A38D17000BF9A7C /* Base */ = {isa = PBXFileReference; lastKnownFileType = file.storyboard; name = Base; path = Base.lproj/LaunchScreen.storyboard; sourceTree = "<group>"; };
		961F14282A38D17000BF9A7C /* Info.plist */ = {isa = PBXFileReference; lastKnownFileType = text.plist.xml; path = Info.plist; sourceTree = "<group>"; };
		961F142D2A38D17000BF9A7C /* TenAroundMeTests.xctest */ = {isa = PBXFileReference; explicitFileType = wrapper.cfbundle; includeInIndex = 0; path = TenAroundMeTests.xctest; sourceTree = BUILT_PRODUCTS_DIR; };
		961F14312A38D17000BF9A7C /* TenAroundMeTests.swift */ = {isa = PBXFileReference; lastKnownFileType = sourcecode.swift; path = TenAroundMeTests.swift; sourceTree = "<group>"; };
		961F14372A38D17000BF9A7C /* TenAroundMeUITests.xctest */ = {isa = PBXFileReference; explicitFileType = wrapper.cfbundle; includeInIndex = 0; path = TenAroundMeUITests.xctest; sourceTree = BUILT_PRODUCTS_DIR; };
		961F143B2A38D17000BF9A7C /* TenAroundMeUITests.swift */ = {isa = PBXFileReference; lastKnownFileType = sourcecode.swift; path = TenAroundMeUITests.swift; sourceTree = "<group>"; };
		961F143D2A38D17000BF9A7C /* TenAroundMeUITestsLaunchTests.swift */ = {isa = PBXFileReference; lastKnownFileType = sourcecode.swift; path = TenAroundMeUITestsLaunchTests.swift; sourceTree = "<group>"; };
		961F145E2A38D8BA00BF9A7C /* Project Description.swift */ = {isa = PBXFileReference; lastKnownFileType = sourcecode.swift; path = "Project Description.swift"; sourceTree = "<group>"; };
		961F14662A38E9E100BF9A7C /* Daily Journal.swift */ = {isa = PBXFileReference; lastKnownFileType = sourcecode.swift; path = "Daily Journal.swift"; sourceTree = "<group>"; };
		961F14682A38FD0A00BF9A7C /* Project Decisions.swift */ = {isa = PBXFileReference; lastKnownFileType = sourcecode.swift; path = "Project Decisions.swift"; sourceTree = "<group>"; };
		961F146A2A3A3F6C00BF9A7C /* MockUps.png */ = {isa = PBXFileReference; lastKnownFileType = image.png; name = MockUps.png; path = ../../../../../../../../../Desktop/MockUps.png; sourceTree = "<group>"; };
		961F146E2A3B90DA00BF9A7C /* Public Link.swift */ = {isa = PBXFileReference; lastKnownFileType = sourcecode.swift; path = "Public Link.swift"; sourceTree = "<group>"; };
		961F14742A3BAF7300BF9A7C /* MapVC.swift */ = {isa = PBXFileReference; lastKnownFileType = sourcecode.swift; path = MapVC.swift; sourceTree = "<group>"; };
		961F14782A3BB03800BF9A7C /* Map.storyboard */ = {isa = PBXFileReference; lastKnownFileType = file.storyboard; path = Map.storyboard; sourceTree = "<group>"; };
		961F147E2A3BB2C700BF9A7C /* DetailVC.swift */ = {isa = PBXFileReference; lastKnownFileType = sourcecode.swift; path = DetailVC.swift; sourceTree = "<group>"; };
		961F147F2A3BB2C700BF9A7C /* DetailVC.xib */ = {isa = PBXFileReference; lastKnownFileType = file.xib; path = DetailVC.xib; sourceTree = "<group>"; };
		961F14A02A3CCA1D00BF9A7C /* MapModel.swift */ = {isa = PBXFileReference; lastKnownFileType = sourcecode.swift; path = MapModel.swift; sourceTree = "<group>"; };
		961F14A22A3CCB1500BF9A7C /* MapVM.swift */ = {isa = PBXFileReference; lastKnownFileType = sourcecode.swift; path = MapVM.swift; sourceTree = "<group>"; };
		961F14C12A3CE33500BF9A7C /* MapVC+Contract.swift */ = {isa = PBXFileReference; lastKnownFileType = sourcecode.swift; path = "MapVC+Contract.swift"; sourceTree = "<group>"; };
		961F14C32A3CE38F00BF9A7C /* MapVC+Extension.swift */ = {isa = PBXFileReference; lastKnownFileType = sourcecode.swift; path = "MapVC+Extension.swift"; sourceTree = "<group>"; };
		961F14C72A3CE3CF00BF9A7C /* MapVC+MapVCContract.swift */ = {isa = PBXFileReference; lastKnownFileType = sourcecode.swift; path = "MapVC+MapVCContract.swift"; sourceTree = "<group>"; };
		961F14C92A3CE43E00BF9A7C /* MapVC+MapVMDelegate.swift */ = {isa = PBXFileReference; lastKnownFileType = sourcecode.swift; path = "MapVC+MapVMDelegate.swift"; sourceTree = "<group>"; };
		961F14E12A3CEBA700BF9A7C /* MapModelDelegate.swift */ = {isa = PBXFileReference; lastKnownFileType = sourcecode.swift; path = MapModelDelegate.swift; sourceTree = "<group>"; };
		961F14E92A3CEF4200BF9A7C /* MapVM+Contract.swift */ = {isa = PBXFileReference; lastKnownFileType = sourcecode.swift; path = "MapVM+Contract.swift"; sourceTree = "<group>"; };
		961F14EB2A3CEF6E00BF9A7C /* MapVM+Delegate.swift */ = {isa = PBXFileReference; lastKnownFileType = sourcecode.swift; path = "MapVM+Delegate.swift"; sourceTree = "<group>"; };
		961F14EF2A3CEFFB00BF9A7C /* MapVM+Extension.swift */ = {isa = PBXFileReference; lastKnownFileType = sourcecode.swift; path = "MapVM+Extension.swift"; sourceTree = "<group>"; };
		961F14F32A3CF06F00BF9A7C /* MapVM+MapVMContract.swift */ = {isa = PBXFileReference; lastKnownFileType = sourcecode.swift; path = "MapVM+MapVMContract.swift"; sourceTree = "<group>"; };
		961F14F62A3CF0E200BF9A7C /* MapVM+MapModelDelegate.swift */ = {isa = PBXFileReference; lastKnownFileType = sourcecode.swift; path = "MapVM+MapModelDelegate.swift"; sourceTree = "<group>"; };
		96362CD72A3E599C00E561E0 /* Endpoint.swift */ = {isa = PBXFileReference; lastKnownFileType = sourcecode.swift; path = Endpoint.swift; sourceTree = "<group>"; };
		96362CD92A3E5A4200E561E0 /* Use Cases & Thoughts.swift */ = {isa = PBXFileReference; lastKnownFileType = sourcecode.swift; path = "Use Cases & Thoughts.swift"; sourceTree = "<group>"; };
		96362CDB2A3E719C00E561E0 /* Position.swift */ = {isa = PBXFileReference; lastKnownFileType = sourcecode.swift; path = Position.swift; sourceTree = "<group>"; };
		96362CDF2A3E781800E561E0 /* EndpointTypes.swift */ = {isa = PBXFileReference; lastKnownFileType = sourcecode.swift; path = EndpointTypes.swift; sourceTree = "<group>"; };
		96362CE32A3E968700E561E0 /* PlacesDTO.swift */ = {isa = PBXFileReference; lastKnownFileType = sourcecode.swift; path = PlacesDTO.swift; sourceTree = "<group>"; };
		96362CE52A3E970700E561E0 /* DetailDTO.swift */ = {isa = PBXFileReference; lastKnownFileType = sourcecode.swift; path = DetailDTO.swift; sourceTree = "<group>"; };
		96362CE72A3E976800E561E0 /* SuggestDTO.swift */ = {isa = PBXFileReference; lastKnownFileType = sourcecode.swift; path = SuggestDTO.swift; sourceTree = "<group>"; };
		96362CEA2A3F238600E561E0 /* PlacesDataModel.swift */ = {isa = PBXFileReference; lastKnownFileType = sourcecode.swift; path = PlacesDataModel.swift; sourceTree = "<group>"; };
		96362CEC2A3F23CC00E561E0 /* SuggestDataModel.swift */ = {isa = PBXFileReference; lastKnownFileType = sourcecode.swift; path = SuggestDataModel.swift; sourceTree = "<group>"; };
		96362CF02A3F3EB000E561E0 /* SearchResultsVC+Contract.swift */ = {isa = PBXFileReference; lastKnownFileType = sourcecode.swift; path = "SearchResultsVC+Contract.swift"; sourceTree = "<group>"; };
		96362CF32A3F3F1700E561E0 /* SearchResultsVC+SearchResultsVCContract.swift */ = {isa = PBXFileReference; lastKnownFileType = sourcecode.swift; path = "SearchResultsVC+SearchResultsVCContract.swift"; sourceTree = "<group>"; };
		96362CF52A3F567D00E561E0 /* MapVC+UISearchControllerDelegate.swift */ = {isa = PBXFileReference; lastKnownFileType = sourcecode.swift; path = "MapVC+UISearchControllerDelegate.swift"; sourceTree = "<group>"; };
		96362CF72A3F858500E561E0 /* AppConstants.swift */ = {isa = PBXFileReference; lastKnownFileType = sourcecode.swift; path = AppConstants.swift; sourceTree = "<group>"; };
		96362D002A3FC5A900E561E0 /* MapVC+CLLocationManagerDelegate.swift */ = {isa = PBXFileReference; lastKnownFileType = sourcecode.swift; path = "MapVC+CLLocationManagerDelegate.swift"; sourceTree = "<group>"; };
		9672E0F42A3FD92A005A8822 /* Flag.swift */ = {isa = PBXFileReference; lastKnownFileType = sourcecode.swift; path = Flag.swift; sourceTree = "<group>"; };
		9672E0F72A3FDC40005A8822 /* Places.swift */ = {isa = PBXFileReference; lastKnownFileType = sourcecode.swift; path = Places.swift; sourceTree = "<group>"; };
		9672E0F92A3FDF4E005A8822 /* CLLocation.swift */ = {isa = PBXFileReference; lastKnownFileType = sourcecode.swift; path = CLLocation.swift; sourceTree = "<group>"; };
		9672E1032A408B10005A8822 /* MapVC+MKMapViewDelegate.swift */ = {isa = PBXFileReference; lastKnownFileType = sourcecode.swift; path = "MapVC+MKMapViewDelegate.swift"; sourceTree = "<group>"; };
		9672E1052A40B209005A8822 /* String.swift */ = {isa = PBXFileReference; lastKnownFileType = sourcecode.swift; path = String.swift; sourceTree = "<group>"; };
		9672E10B2A40E0A6005A8822 /* PlacesResultsTableVC+Contract.swift */ = {isa = PBXFileReference; lastKnownFileType = sourcecode.swift; path = "PlacesResultsTableVC+Contract.swift"; sourceTree = "<group>"; };
		9672E10D2A40E6DD005A8822 /* PlacesResultsVC.swift */ = {isa = PBXFileReference; lastKnownFileType = sourcecode.swift; path = PlacesResultsVC.swift; sourceTree = "<group>"; };
		9672E10E2A40E6DD005A8822 /* PlacesResultsVC.xib */ = {isa = PBXFileReference; lastKnownFileType = file.xib; path = PlacesResultsVC.xib; sourceTree = "<group>"; };
		9672E1142A40E937005A8822 /* PlacesResultsVC+PlacesResultsVCContract.swift */ = {isa = PBXFileReference; lastKnownFileType = sourcecode.swift; path = "PlacesResultsVC+PlacesResultsVCContract.swift"; sourceTree = "<group>"; };
		9672E1192A40EA73005A8822 /* PlacesResultsVC+UITableViewDelegate.swift */ = {isa = PBXFileReference; lastKnownFileType = sourcecode.swift; path = "PlacesResultsVC+UITableViewDelegate.swift"; sourceTree = "<group>"; };
		9672E11B2A40EA8D005A8822 /* PlacesResultsVC+UITableViewDatasource.swift */ = {isa = PBXFileReference; lastKnownFileType = sourcecode.swift; path = "PlacesResultsVC+UITableViewDatasource.swift"; sourceTree = "<group>"; };
		9672E11D2A40EB1A005A8822 /* PlacesResultsVC+PlacesCellDelegate.swift */ = {isa = PBXFileReference; lastKnownFileType = sourcecode.swift; path = "PlacesResultsVC+PlacesCellDelegate.swift"; sourceTree = "<group>"; };
		9672E1202A40EBCD005A8822 /* PlacesCell.swift */ = {isa = PBXFileReference; lastKnownFileType = sourcecode.swift; path = PlacesCell.swift; sourceTree = "<group>"; };
		9672E1212A40EBCD005A8822 /* PlacesCell.xib */ = {isa = PBXFileReference; lastKnownFileType = file.xib; path = PlacesCell.xib; sourceTree = "<group>"; };
		9672E12B2A40ED57005A8822 /* PlacesCell+Delegate.swift */ = {isa = PBXFileReference; lastKnownFileType = sourcecode.swift; path = "PlacesCell+Delegate.swift"; sourceTree = "<group>"; };
		9672E13B2A425A15005A8822 /* Alpha3.swift */ = {isa = PBXFileReference; lastKnownFileType = sourcecode.swift; path = Alpha3.swift; sourceTree = "<group>"; };
		968625862A3DC00600ACFC26 /* MapVC+UISearchBarDelegate.swift */ = {isa = PBXFileReference; lastKnownFileType = sourcecode.swift; path = "MapVC+UISearchBarDelegate.swift"; sourceTree = "<group>"; };
		968625882A3DC52E00ACFC26 /* SearchResultsVC.swift */ = {isa = PBXFileReference; lastKnownFileType = sourcecode.swift; path = SearchResultsVC.swift; sourceTree = "<group>"; };
		968625892A3DC52E00ACFC26 /* SearchResultsVC.xib */ = {isa = PBXFileReference; lastKnownFileType = file.xib; path = SearchResultsVC.xib; sourceTree = "<group>"; };
		968625902A3DC9DB00ACFC26 /* SearchCell.swift */ = {isa = PBXFileReference; lastKnownFileType = sourcecode.swift; path = SearchCell.swift; sourceTree = "<group>"; };
		968625912A3DC9DB00ACFC26 /* SearchCell.xib */ = {isa = PBXFileReference; lastKnownFileType = file.xib; path = SearchCell.xib; sourceTree = "<group>"; };
		9686259D2A3DCAC000ACFC26 /* SearchCellModel.swift */ = {isa = PBXFileReference; lastKnownFileType = sourcecode.swift; path = SearchCellModel.swift; sourceTree = "<group>"; };
		968625A62A3DCC5D00ACFC26 /* SearchResultsVC+UITableViewDelegate.swift */ = {isa = PBXFileReference; lastKnownFileType = sourcecode.swift; path = "SearchResultsVC+UITableViewDelegate.swift"; sourceTree = "<group>"; };
		968625A82A3DCCC100ACFC26 /* SearchResultsVC+UITableViewDatasource.swift */ = {isa = PBXFileReference; lastKnownFileType = sourcecode.swift; path = "SearchResultsVC+UITableViewDatasource.swift"; sourceTree = "<group>"; };
		96BA72072A43615300442923 /* CoreDataTableVC.swift */ = {isa = PBXFileReference; lastKnownFileType = sourcecode.swift; path = CoreDataTableVC.swift; sourceTree = "<group>"; };
		96BA72092A438B0E00442923 /* CoreDataModel.swift */ = {isa = PBXFileReference; lastKnownFileType = sourcecode.swift; path = CoreDataModel.swift; sourceTree = "<group>"; };
		96BA720B2A446C9B00442923 /* Int.swift */ = {isa = PBXFileReference; lastKnownFileType = sourcecode.swift; path = Int.swift; sourceTree = "<group>"; };
		96BA720D2A446FFE00442923 /* Double.swift */ = {isa = PBXFileReference; lastKnownFileType = sourcecode.swift; path = Double.swift; sourceTree = "<group>"; };
		96BA72132A449FF100442923 /* DetailVC+Contract.swift */ = {isa = PBXFileReference; lastKnownFileType = sourcecode.swift; path = "DetailVC+Contract.swift"; sourceTree = "<group>"; };
		96BA72182A44A09100442923 /* DetailVC+DetailVCContract.swift */ = {isa = PBXFileReference; lastKnownFileType = sourcecode.swift; path = "DetailVC+DetailVCContract.swift"; sourceTree = "<group>"; };
		96E198F92A3DF17000CBD393 /* NetworkAdapter.swift */ = {isa = PBXFileReference; lastKnownFileType = sourcecode.swift; path = NetworkAdapter.swift; sourceTree = "<group>"; };
		96E199012A3DF30D00CBD393 /* InternetManager.swift */ = {isa = PBXFileReference; lastKnownFileType = sourcecode.swift; path = InternetManager.swift; sourceTree = "<group>"; };
		96E199032A3DF4BC00CBD393 /* Endpointable+Contract.swift */ = {isa = PBXFileReference; lastKnownFileType = sourcecode.swift; path = "Endpointable+Contract.swift"; sourceTree = "<group>"; };
		96E199052A3DF55200CBD393 /* RequestType.swift */ = {isa = PBXFileReference; lastKnownFileType = sourcecode.swift; path = RequestType.swift; sourceTree = "<group>"; };
		96E199092A3DF58D00CBD393 /* NetworkAdapter+Extension.swift */ = {isa = PBXFileReference; lastKnownFileType = sourcecode.swift; path = "NetworkAdapter+Extension.swift"; sourceTree = "<group>"; };
		96E1990B2A3DF5E400CBD393 /* NetworkErrorTypes.swift */ = {isa = PBXFileReference; lastKnownFileType = sourcecode.swift; path = NetworkErrorTypes.swift; sourceTree = "<group>"; };
		96E1990D2A3DF64600CBD393 /* GeocodingSearchAPI.swift */ = {isa = PBXFileReference; lastKnownFileType = sourcecode.swift; path = GeocodingSearchAPI.swift; sourceTree = "<group>"; };
		96E1990F2A3DF73F00CBD393 /* RequestQuery.swift */ = {isa = PBXFileReference; lastKnownFileType = sourcecode.swift; path = RequestQuery.swift; sourceTree = "<group>"; };
		96E199162A3DFC3300CBD393 /* SearchQuery.swift */ = {isa = PBXFileReference; lastKnownFileType = sourcecode.swift; path = SearchQuery.swift; sourceTree = "<group>"; };
		96E199192A3DFCCA00CBD393 /* GeocodingSearchAPI+Endpointable.swift */ = {isa = PBXFileReference; lastKnownFileType = sourcecode.swift; path = "GeocodingSearchAPI+Endpointable.swift"; sourceTree = "<group>"; };
		96E1991C2A3DFD1700CBD393 /* HardCoded+String.swift */ = {isa = PBXFileReference; lastKnownFileType = sourcecode.swift; path = "HardCoded+String.swift"; sourceTree = "<group>"; };
		96E1991E2A3DFDBB00CBD393 /* HardCoded+API.swift */ = {isa = PBXFileReference; lastKnownFileType = sourcecode.swift; path = "HardCoded+API.swift"; sourceTree = "<group>"; };
		96E199232A3E159C00CBD393 /* GeocodingSearchAPI+Extension.swift */ = {isa = PBXFileReference; lastKnownFileType = sourcecode.swift; path = "GeocodingSearchAPI+Extension.swift"; sourceTree = "<group>"; };
/* End PBXFileReference section */

/* Begin PBXFrameworksBuildPhase section */
		961F14112A38D16E00BF9A7C /* Frameworks */ = {
			isa = PBXFrameworksBuildPhase;
			buildActionMask = 2147483647;
			files = (
			);
			runOnlyForDeploymentPostprocessing = 0;
		};
		961F142A2A38D17000BF9A7C /* Frameworks */ = {
			isa = PBXFrameworksBuildPhase;
			buildActionMask = 2147483647;
			files = (
			);
			runOnlyForDeploymentPostprocessing = 0;
		};
		961F14342A38D17000BF9A7C /* Frameworks */ = {
			isa = PBXFrameworksBuildPhase;
			buildActionMask = 2147483647;
			files = (
			);
			runOnlyForDeploymentPostprocessing = 0;
		};
/* End PBXFrameworksBuildPhase section */

/* Begin PBXGroup section */
		961F140B2A38D16E00BF9A7C = {
			isa = PBXGroup;
			children = (
				961F14162A38D16E00BF9A7C /* TenAroundMe */,
				961F14302A38D17000BF9A7C /* TenAroundMeTests */,
				961F143A2A38D17000BF9A7C /* TenAroundMeUITests */,
				961F14152A38D16E00BF9A7C /* Products */,
			);
			sourceTree = "<group>";
		};
		961F14152A38D16E00BF9A7C /* Products */ = {
			isa = PBXGroup;
			children = (
				961F14142A38D16E00BF9A7C /* TenAroundMe.app */,
				961F142D2A38D17000BF9A7C /* TenAroundMeTests.xctest */,
				961F14372A38D17000BF9A7C /* TenAroundMeUITests.xctest */,
			);
			name = Products;
			sourceTree = "<group>";
		};
		961F14162A38D16E00BF9A7C /* TenAroundMe */ = {
			isa = PBXGroup;
			children = (
				961F14282A38D17000BF9A7C /* Info.plist */,
				961F144B2A38D22C00BF9A7C /* Project Related */,
				961F144A2A38D21A00BF9A7C /* Supporting Files */,
				961F144C2A38D23900BF9A7C /* Network */,
				961F144D2A38D24600BF9A7C /* Utils */,
				961F144E2A38D24E00BF9A7C /* Screens */,
			);
			path = TenAroundMe;
			sourceTree = "<group>";
		};
		961F14302A38D17000BF9A7C /* TenAroundMeTests */ = {
			isa = PBXGroup;
			children = (
				961F14312A38D17000BF9A7C /* TenAroundMeTests.swift */,
			);
			path = TenAroundMeTests;
			sourceTree = "<group>";
		};
		961F143A2A38D17000BF9A7C /* TenAroundMeUITests */ = {
			isa = PBXGroup;
			children = (
				961F143B2A38D17000BF9A7C /* TenAroundMeUITests.swift */,
				961F143D2A38D17000BF9A7C /* TenAroundMeUITestsLaunchTests.swift */,
			);
			path = TenAroundMeUITests;
			sourceTree = "<group>";
		};
		961F144A2A38D21A00BF9A7C /* Supporting Files */ = {
			isa = PBXGroup;
			children = (
				961F14172A38D16E00BF9A7C /* AppDelegate.swift */,
				961F14252A38D17000BF9A7C /* LaunchScreen.storyboard */,
				961F14232A38D17000BF9A7C /* Assets.xcassets */,
				961F14202A38D16E00BF9A7C /* TenAroundMe.xcdatamodeld */,
			);
			path = "Supporting Files";
			sourceTree = "<group>";
		};
		961F144B2A38D22C00BF9A7C /* Project Related */ = {
			isa = PBXGroup;
			children = (
				961F144F2A38D34100BF9A7C /* Notes */,
				961F14502A38D35100BF9A7C /* Figma */,
				961F14642A38DB7200BF9A7C /* Postman Collection */,
			);
			path = "Project Related";
			sourceTree = "<group>";
		};
		961F144C2A38D23900BF9A7C /* Network */ = {
			isa = PBXGroup;
			children = (
				96E198FB2A3DF19100CBD393 /* Utils */,
				96E198F92A3DF17000CBD393 /* NetworkAdapter.swift */,
			);
			path = Network;
			sourceTree = "<group>";
		};
		961F144D2A38D24600BF9A7C /* Utils */ = {
			isa = PBXGroup;
			children = (
				96E199132A3DF7E500CBD393 /* Structs */,
				96E199122A3DF7C600CBD393 /* Extensions+SDK */,
				96E199112A3DF7BE00CBD393 /* Enums */,
			);
			path = Utils;
			sourceTree = "<group>";
		};
		961F144E2A38D24E00BF9A7C /* Screens */ = {
			isa = PBXGroup;
			children = (
				961F14522A38D3AF00BF9A7C /* Map */,
			);
			path = Screens;
			sourceTree = "<group>";
		};
		961F144F2A38D34100BF9A7C /* Notes */ = {
			isa = PBXGroup;
			children = (
				961F14652A38E9B800BF9A7C /* Project Journal */,
				96362CD62A3E593000E561E0 /* Development Related */,
			);
			path = Notes;
			sourceTree = "<group>";
		};
		961F14502A38D35100BF9A7C /* Figma */ = {
			isa = PBXGroup;
			children = (
				961F146A2A3A3F6C00BF9A7C /* MockUps.png */,
			);
			path = Figma;
			sourceTree = "<group>";
		};
		961F14522A38D3AF00BF9A7C /* Map */ = {
			isa = PBXGroup;
			children = (
				961F14542A38D43600BF9A7C /* Model */,
				961F14552A38D43D00BF9A7C /* View */,
				961F14562A38D44500BF9A7C /* ViewModel */,
			);
			path = Map;
			sourceTree = "<group>";
		};
		961F14542A38D43600BF9A7C /* Model */ = {
			isa = PBXGroup;
			children = (
				961F149F2A3CC9DF00BF9A7C /* Utils */,
				961F14A02A3CCA1D00BF9A7C /* MapModel.swift */,
			);
			path = Model;
			sourceTree = "<group>";
		};
		961F14552A38D43D00BF9A7C /* View */ = {
			isa = PBXGroup;
			children = (
				961F148A2A3BC63E00BF9A7C /* Utils */,
				961F14782A3BB03800BF9A7C /* Map.storyboard */,
				961F14742A3BAF7300BF9A7C /* MapVC.swift */,
			);
			path = View;
			sourceTree = "<group>";
		};
		961F14562A38D44500BF9A7C /* ViewModel */ = {
			isa = PBXGroup;
			children = (
				961F14E62A3CEEEC00BF9A7C /* Utils */,
				961F14A22A3CCB1500BF9A7C /* MapVM.swift */,
			);
			path = ViewModel;
			sourceTree = "<group>";
		};
		961F14642A38DB7200BF9A7C /* Postman Collection */ = {
			isa = PBXGroup;
			children = (
				961F146E2A3B90DA00BF9A7C /* Public Link.swift */,
			);
			path = "Postman Collection";
			sourceTree = "<group>";
		};
		961F14652A38E9B800BF9A7C /* Project Journal */ = {
			isa = PBXGroup;
			children = (
				961F145E2A38D8BA00BF9A7C /* Project Description.swift */,
				961F14662A38E9E100BF9A7C /* Daily Journal.swift */,
				961F14682A38FD0A00BF9A7C /* Project Decisions.swift */,
			);
			path = "Project Journal";
			sourceTree = "<group>";
		};
		961F148A2A3BC63E00BF9A7C /* Utils */ = {
			isa = PBXGroup;
			children = (
				961F14BD2A3CE2FA00BF9A7C /* Protocols */,
				961F14BE2A3CE30300BF9A7C /* Extensions */,
				968625822A3DBDEA00ACFC26 /* Components */,
			);
			path = Utils;
			sourceTree = "<group>";
		};
		961F149F2A3CC9DF00BF9A7C /* Utils */ = {
			isa = PBXGroup;
			children = (
				961F14DF2A3CEB8200BF9A7C /* Protocols */,
				961F14E42A3CEBC800BF9A7C /* DataModel */,
			);
			path = Utils;
			sourceTree = "<group>";
		};
		961F14BD2A3CE2FA00BF9A7C /* Protocols */ = {
			isa = PBXGroup;
			children = (
				961F14C12A3CE33500BF9A7C /* MapVC+Contract.swift */,
			);
			path = Protocols;
			sourceTree = "<group>";
		};
		961F14BE2A3CE30300BF9A7C /* Extensions */ = {
			isa = PBXGroup;
			children = (
				961F14BF2A3CE31200BF9A7C /* Class */,
				961F14C02A3CE31900BF9A7C /* Conformances */,
			);
			path = Extensions;
			sourceTree = "<group>";
		};
		961F14BF2A3CE31200BF9A7C /* Class */ = {
			isa = PBXGroup;
			children = (
				961F14C32A3CE38F00BF9A7C /* MapVC+Extension.swift */,
			);
			path = Class;
			sourceTree = "<group>";
		};
		961F14C02A3CE31900BF9A7C /* Conformances */ = {
			isa = PBXGroup;
			children = (
				961F14C52A3CE39E00BF9A7C /* Contract */,
				961F14C62A3CE3A800BF9A7C /* Delegations */,
			);
			path = Conformances;
			sourceTree = "<group>";
		};
		961F14C52A3CE39E00BF9A7C /* Contract */ = {
			isa = PBXGroup;
			children = (
				961F14C72A3CE3CF00BF9A7C /* MapVC+MapVCContract.swift */,
			);
			path = Contract;
			sourceTree = "<group>";
		};
		961F14C62A3CE3A800BF9A7C /* Delegations */ = {
			isa = PBXGroup;
			children = (
				9686257E2A3DB76100ACFC26 /* UIKIt */,
				96362CFF2A3FC57100E561E0 /* MapKit */,
				961F14E52A3CEEB700BF9A7C /* Communication */,
			);
			path = Delegations;
			sourceTree = "<group>";
		};
		961F14DF2A3CEB8200BF9A7C /* Protocols */ = {
			isa = PBXGroup;
			children = (
				961F14E12A3CEBA700BF9A7C /* MapModelDelegate.swift */,
			);
			path = Protocols;
			sourceTree = "<group>";
		};
		961F14E42A3CEBC800BF9A7C /* DataModel */ = {
			isa = PBXGroup;
			children = (
				96362CEA2A3F238600E561E0 /* PlacesDataModel.swift */,
				96362CEC2A3F23CC00E561E0 /* SuggestDataModel.swift */,
			);
			path = DataModel;
			sourceTree = "<group>";
		};
		961F14E52A3CEEB700BF9A7C /* Communication */ = {
			isa = PBXGroup;
			children = (
				961F14C92A3CE43E00BF9A7C /* MapVC+MapVMDelegate.swift */,
			);
			path = Communication;
			sourceTree = "<group>";
		};
		961F14E62A3CEEEC00BF9A7C /* Utils */ = {
			isa = PBXGroup;
			children = (
				961F14E72A3CEF0F00BF9A7C /* Protocols */,
				961F14E82A3CEF1E00BF9A7C /* Extensions */,
			);
			path = Utils;
			sourceTree = "<group>";
		};
		961F14E72A3CEF0F00BF9A7C /* Protocols */ = {
			isa = PBXGroup;
			children = (
				961F14E92A3CEF4200BF9A7C /* MapVM+Contract.swift */,
				961F14EB2A3CEF6E00BF9A7C /* MapVM+Delegate.swift */,
			);
			path = Protocols;
			sourceTree = "<group>";
		};
		961F14E82A3CEF1E00BF9A7C /* Extensions */ = {
			isa = PBXGroup;
			children = (
				961F14ED2A3CEFC700BF9A7C /* Class */,
				961F14EE2A3CEFD400BF9A7C /* Conformances */,
			);
			path = Extensions;
			sourceTree = "<group>";
		};
		961F14ED2A3CEFC700BF9A7C /* Class */ = {
			isa = PBXGroup;
			children = (
				961F14EF2A3CEFFB00BF9A7C /* MapVM+Extension.swift */,
			);
			path = Class;
			sourceTree = "<group>";
		};
		961F14EE2A3CEFD400BF9A7C /* Conformances */ = {
			isa = PBXGroup;
			children = (
				961F14F12A3CF03D00BF9A7C /* Contract */,
				961F14F22A3CF04700BF9A7C /* Delegations */,
			);
			path = Conformances;
			sourceTree = "<group>";
		};
		961F14F12A3CF03D00BF9A7C /* Contract */ = {
			isa = PBXGroup;
			children = (
				961F14F32A3CF06F00BF9A7C /* MapVM+MapVMContract.swift */,
			);
			path = Contract;
			sourceTree = "<group>";
		};
		961F14F22A3CF04700BF9A7C /* Delegations */ = {
			isa = PBXGroup;
			children = (
				961F14F52A3CF0C100BF9A7C /* Communication */,
			);
			path = Delegations;
			sourceTree = "<group>";
		};
		961F14F52A3CF0C100BF9A7C /* Communication */ = {
			isa = PBXGroup;
			children = (
				961F14F62A3CF0E200BF9A7C /* MapVM+MapModelDelegate.swift */,
			);
			path = Communication;
			sourceTree = "<group>";
		};
		96362CD62A3E593000E561E0 /* Development Related */ = {
			isa = PBXGroup;
			children = (
				96362CD72A3E599C00E561E0 /* Endpoint.swift */,
				96362CD92A3E5A4200E561E0 /* Use Cases & Thoughts.swift */,
			);
			path = "Development Related";
			sourceTree = "<group>";
		};
		96362CE12A3E8F2E00E561E0 /* Types */ = {
			isa = PBXGroup;
			children = (
				96E199052A3DF55200CBD393 /* RequestType.swift */,
				96E1990B2A3DF5E400CBD393 /* NetworkErrorTypes.swift */,
				96362CDF2A3E781800E561E0 /* EndpointTypes.swift */,
			);
			path = Types;
			sourceTree = "<group>";
		};
		96362CE22A3E8F8000E561E0 /* Extension */ = {
			isa = PBXGroup;
			children = (
				96E199232A3E159C00CBD393 /* GeocodingSearchAPI+Extension.swift */,
			);
			path = Extension;
			sourceTree = "<group>";
		};
		96362CE92A3F1F9E00E561E0 /* DTOs */ = {
			isa = PBXGroup;
			children = (
				96362CE32A3E968700E561E0 /* PlacesDTO.swift */,
				96362CE52A3E970700E561E0 /* DetailDTO.swift */,
				96362CE72A3E976800E561E0 /* SuggestDTO.swift */,
			);
			path = DTOs;
			sourceTree = "<group>";
		};
		96362CF22A3F3EE600E561E0 /* Contract */ = {
			isa = PBXGroup;
			children = (
				96362CF32A3F3F1700E561E0 /* SearchResultsVC+SearchResultsVCContract.swift */,
			);
			path = Contract;
			sourceTree = "<group>";
		};
		96362CFF2A3FC57100E561E0 /* MapKit */ = {
			isa = PBXGroup;
			children = (
				96362D002A3FC5A900E561E0 /* MapVC+CLLocationManagerDelegate.swift */,
				9672E1032A408B10005A8822 /* MapVC+MKMapViewDelegate.swift */,
			);
			path = MapKit;
			sourceTree = "<group>";
		};
		9672E0F62A3FDBED005A8822 /* Annotation */ = {
			isa = PBXGroup;
			children = (
				9672E0F72A3FDC40005A8822 /* Places.swift */,
			);
			path = Annotation;
			sourceTree = "<group>";
		};
		9672E0FB2A406F08005A8822 /* Places */ = {
			isa = PBXGroup;
			children = (
				9672E0FC2A406F36005A8822 /* PlacesResultsTableVC */,
			);
			path = Places;
			sourceTree = "<group>";
		};
		9672E0FC2A406F36005A8822 /* PlacesResultsTableVC */ = {
			isa = PBXGroup;
			children = (
				9672E1072A40DF79005A8822 /* Utils */,
				9672E10E2A40E6DD005A8822 /* PlacesResultsVC.xib */,
				9672E10D2A40E6DD005A8822 /* PlacesResultsVC.swift */,
			);
			path = PlacesResultsTableVC;
			sourceTree = "<group>";
		};
		9672E1072A40DF79005A8822 /* Utils */ = {
			isa = PBXGroup;
			children = (
				9672E1082A40DF9C005A8822 /* Protocols */,
				9672E1092A40DFA3005A8822 /* Extensions */,
				9672E10A2A40DFA9005A8822 /* Components */,
			);
			path = Utils;
			sourceTree = "<group>";
		};
		9672E1082A40DF9C005A8822 /* Protocols */ = {
			isa = PBXGroup;
			children = (
				9672E10B2A40E0A6005A8822 /* PlacesResultsTableVC+Contract.swift */,
			);
			path = Protocols;
			sourceTree = "<group>";
		};
		9672E1092A40DFA3005A8822 /* Extensions */ = {
			isa = PBXGroup;
			children = (
				9672E1122A40E8C3005A8822 /* Conformances */,
			);
			path = Extensions;
			sourceTree = "<group>";
		};
		9672E10A2A40DFA9005A8822 /* Components */ = {
			isa = PBXGroup;
			children = (
				9672E11F2A40EB8B005A8822 /* PlacesCell */,
				9672E0F62A3FDBED005A8822 /* Annotation */,
			);
			path = Components;
			sourceTree = "<group>";
		};
		9672E1112A40E8BD005A8822 /* Contract */ = {
			isa = PBXGroup;
			children = (
				9672E1142A40E937005A8822 /* PlacesResultsVC+PlacesResultsVCContract.swift */,
			);
			path = Contract;
			sourceTree = "<group>";
		};
		9672E1122A40E8C3005A8822 /* Conformances */ = {
			isa = PBXGroup;
			children = (
				9672E1112A40E8BD005A8822 /* Contract */,
				9672E1132A40E906005A8822 /* Delegations */,
			);
			path = Conformances;
			sourceTree = "<group>";
		};
		9672E1132A40E906005A8822 /* Delegations */ = {
			isa = PBXGroup;
			children = (
				9672E1162A40EA1F005A8822 /* UIKit */,
				9672E1182A40EA31005A8822 /* Communication */,
			);
			path = Delegations;
			sourceTree = "<group>";
		};
		9672E1162A40EA1F005A8822 /* UIKit */ = {
			isa = PBXGroup;
			children = (
				9672E1172A40EA28005A8822 /* TableView */,
			);
			path = UIKit;
			sourceTree = "<group>";
		};
		9672E1172A40EA28005A8822 /* TableView */ = {
			isa = PBXGroup;
			children = (
				9672E1192A40EA73005A8822 /* PlacesResultsVC+UITableViewDelegate.swift */,
				9672E11B2A40EA8D005A8822 /* PlacesResultsVC+UITableViewDatasource.swift */,
			);
			path = TableView;
			sourceTree = "<group>";
		};
		9672E1182A40EA31005A8822 /* Communication */ = {
			isa = PBXGroup;
			children = (
				9672E11D2A40EB1A005A8822 /* PlacesResultsVC+PlacesCellDelegate.swift */,
			);
			path = Communication;
			sourceTree = "<group>";
		};
		9672E11F2A40EB8B005A8822 /* PlacesCell */ = {
			isa = PBXGroup;
			children = (
				9672E1242A40ECD9005A8822 /* Utils */,
				9672E1212A40EBCD005A8822 /* PlacesCell.xib */,
				9672E1202A40EBCD005A8822 /* PlacesCell.swift */,
			);
			path = PlacesCell;
			sourceTree = "<group>";
		};
		9672E1242A40ECD9005A8822 /* Utils */ = {
			isa = PBXGroup;
			children = (
				9672E1252A40ECEB005A8822 /* Protocols */,
			);
			path = Utils;
			sourceTree = "<group>";
		};
		9672E1252A40ECEB005A8822 /* Protocols */ = {
			isa = PBXGroup;
			children = (
				9672E12B2A40ED57005A8822 /* PlacesCell+Delegate.swift */,
			);
			path = Protocols;
			sourceTree = "<group>";
		};
		9686257E2A3DB76100ACFC26 /* UIKIt */ = {
			isa = PBXGroup;
			children = (
				9686257F2A3DB76C00ACFC26 /* Search */,
			);
			path = UIKIt;
			sourceTree = "<group>";
		};
		9686257F2A3DB76C00ACFC26 /* Search */ = {
			isa = PBXGroup;
			children = (
				968625862A3DC00600ACFC26 /* MapVC+UISearchBarDelegate.swift */,
				96362CF52A3F567D00E561E0 /* MapVC+UISearchControllerDelegate.swift */,
			);
			path = Search;
			sourceTree = "<group>";
		};
		968625822A3DBDEA00ACFC26 /* Components */ = {
			isa = PBXGroup;
			children = (
				96BA720F2A4492F500442923 /* Detail */,
				9686258C2A3DC94600ACFC26 /* Search */,
				9672E0FB2A406F08005A8822 /* Places */,
				96BA72062A43614100442923 /* CoreData */,
			);
			path = Components;
			sourceTree = "<group>";
		};
		968625832A3DBDF600ACFC26 /* SearchResultsVC */ = {
			isa = PBXGroup;
			children = (
				968625A02A3DCB9400ACFC26 /* Utils */,
				968625892A3DC52E00ACFC26 /* SearchResultsVC.xib */,
				968625882A3DC52E00ACFC26 /* SearchResultsVC.swift */,
			);
			path = SearchResultsVC;
			sourceTree = "<group>";
		};
		9686258C2A3DC94600ACFC26 /* Search */ = {
			isa = PBXGroup;
			children = (
				968625832A3DBDF600ACFC26 /* SearchResultsVC */,
			);
			path = Search;
			sourceTree = "<group>";
		};
		9686258E2A3DC99400ACFC26 /* SearchCell */ = {
			isa = PBXGroup;
			children = (
				9686258F2A3DC9A700ACFC26 /* Utils */,
				968625912A3DC9DB00ACFC26 /* SearchCell.xib */,
				968625902A3DC9DB00ACFC26 /* SearchCell.swift */,
			);
			path = SearchCell;
			sourceTree = "<group>";
		};
		9686258F2A3DC9A700ACFC26 /* Utils */ = {
			isa = PBXGroup;
			children = (
				968625962A3DCA2200ACFC26 /* Data Links */,
			);
			path = Utils;
			sourceTree = "<group>";
		};
		968625962A3DCA2200ACFC26 /* Data Links */ = {
			isa = PBXGroup;
			children = (
				9686259C2A3DCAA400ACFC26 /* Model */,
			);
			path = "Data Links";
			sourceTree = "<group>";
		};
		9686259C2A3DCAA400ACFC26 /* Model */ = {
			isa = PBXGroup;
			children = (
				9686259D2A3DCAC000ACFC26 /* SearchCellModel.swift */,
			);
			path = Model;
			sourceTree = "<group>";
		};
		968625A02A3DCB9400ACFC26 /* Utils */ = {
			isa = PBXGroup;
			children = (
				968625A12A3DCB9E00ACFC26 /* Protocols */,
				968625A22A3DCBA600ACFC26 /* Extensions */,
				968625A32A3DCBAF00ACFC26 /* Components */,
			);
			path = Utils;
			sourceTree = "<group>";
		};
		968625A12A3DCB9E00ACFC26 /* Protocols */ = {
			isa = PBXGroup;
			children = (
				96362CF02A3F3EB000E561E0 /* SearchResultsVC+Contract.swift */,
			);
			path = Protocols;
			sourceTree = "<group>";
		};
		968625A22A3DCBA600ACFC26 /* Extensions */ = {
			isa = PBXGroup;
			children = (
				968625AA2A3DCD3B00ACFC26 /* Conformances */,
			);
			path = Extensions;
			sourceTree = "<group>";
		};
		968625A32A3DCBAF00ACFC26 /* Components */ = {
			isa = PBXGroup;
			children = (
				9686258E2A3DC99400ACFC26 /* SearchCell */,
			);
			path = Components;
			sourceTree = "<group>";
		};
		968625AA2A3DCD3B00ACFC26 /* Conformances */ = {
			isa = PBXGroup;
			children = (
				96362CF22A3F3EE600E561E0 /* Contract */,
				968625AB2A3DCD4900ACFC26 /* Delegations */,
			);
			path = Conformances;
			sourceTree = "<group>";
		};
		968625AB2A3DCD4900ACFC26 /* Delegations */ = {
			isa = PBXGroup;
			children = (
				968625AE2A3DCD8900ACFC26 /* UIKit */,
			);
			path = Delegations;
			sourceTree = "<group>";
		};
		968625AC2A3DCD5000ACFC26 /* TableView */ = {
			isa = PBXGroup;
			children = (
				968625A62A3DCC5D00ACFC26 /* SearchResultsVC+UITableViewDelegate.swift */,
				968625A82A3DCCC100ACFC26 /* SearchResultsVC+UITableViewDatasource.swift */,
			);
			path = TableView;
			sourceTree = "<group>";
		};
		968625AE2A3DCD8900ACFC26 /* UIKit */ = {
			isa = PBXGroup;
			children = (
				968625AC2A3DCD5000ACFC26 /* TableView */,
			);
			path = UIKit;
			sourceTree = "<group>";
		};
		96BA72062A43614100442923 /* CoreData */ = {
			isa = PBXGroup;
			children = (
				96BA72072A43615300442923 /* CoreDataTableVC.swift */,
				96BA72092A438B0E00442923 /* CoreDataModel.swift */,
			);
			path = CoreData;
			sourceTree = "<group>";
		};
		96BA720F2A4492F500442923 /* Detail */ = {
			isa = PBXGroup;
			children = (
				96BA72102A449DA400442923 /* Utils */,
				961F147E2A3BB2C700BF9A7C /* DetailVC.swift */,
				961F147F2A3BB2C700BF9A7C /* DetailVC.xib */,
			);
			path = Detail;
			sourceTree = "<group>";
		};
		96BA72102A449DA400442923 /* Utils */ = {
			isa = PBXGroup;
			children = (
				96BA72122A449FD300442923 /* Protocols */,
				96BA72152A44A02200442923 /* Extensions */,
			);
			path = Utils;
			sourceTree = "<group>";
		};
		96BA72122A449FD300442923 /* Protocols */ = {
			isa = PBXGroup;
			children = (
				96BA72132A449FF100442923 /* DetailVC+Contract.swift */,
			);
			path = Protocols;
			sourceTree = "<group>";
		};
		96BA72152A44A02200442923 /* Extensions */ = {
			isa = PBXGroup;
			children = (
				96BA72162A44A04F00442923 /* Conformances */,
			);
			path = Extensions;
			sourceTree = "<group>";
		};
		96BA72162A44A04F00442923 /* Conformances */ = {
			isa = PBXGroup;
			children = (
				96BA72172A44A05A00442923 /* Contract */,
			);
			path = Conformances;
			sourceTree = "<group>";
		};
		96BA72172A44A05A00442923 /* Contract */ = {
			isa = PBXGroup;
			children = (
				96BA72182A44A09100442923 /* DetailVC+DetailVCContract.swift */,
			);
			path = Contract;
			sourceTree = "<group>";
		};
		96E198FB2A3DF19100CBD393 /* Utils */ = {
			isa = PBXGroup;
			children = (
				96E198FC2A3DF19700CBD393 /* Protocols */,
				96E198FD2A3DF19F00CBD393 /* Extensions */,
				96E198FE2A3DF1A700CBD393 /* Enums */,
				96E198FF2A3DF1AD00CBD393 /* Structs */,
				96E199002A3DF1B500CBD393 /* Managers */,
			);
			path = Utils;
			sourceTree = "<group>";
		};
		96E198FC2A3DF19700CBD393 /* Protocols */ = {
			isa = PBXGroup;
			children = (
				96E199032A3DF4BC00CBD393 /* Endpointable+Contract.swift */,
			);
			path = Protocols;
			sourceTree = "<group>";
		};
		96E198FD2A3DF19F00CBD393 /* Extensions */ = {
			isa = PBXGroup;
			children = (
				96E199072A3DF57000CBD393 /* Class */,
				96E199082A3DF57800CBD393 /* Conformances */,
			);
			path = Extensions;
			sourceTree = "<group>";
		};
		96E198FE2A3DF1A700CBD393 /* Enums */ = {
			isa = PBXGroup;
			children = (
				96362CE12A3E8F2E00E561E0 /* Types */,
				96E199212A3E0C8D00CBD393 /* Endpoints */,
			);
			path = Enums;
			sourceTree = "<group>";
		};
		96E198FF2A3DF1AD00CBD393 /* Structs */ = {
			isa = PBXGroup;
			children = (
				96362CE92A3F1F9E00E561E0 /* DTOs */,
				96E199202A3DFDFE00CBD393 /* HardCoded */,
				96E1990F2A3DF73F00CBD393 /* RequestQuery.swift */,
			);
			path = Structs;
			sourceTree = "<group>";
		};
		96E199002A3DF1B500CBD393 /* Managers */ = {
			isa = PBXGroup;
			children = (
				96E199012A3DF30D00CBD393 /* InternetManager.swift */,
			);
			path = Managers;
			sourceTree = "<group>";
		};
		96E199072A3DF57000CBD393 /* Class */ = {
			isa = PBXGroup;
			children = (
				96E199092A3DF58D00CBD393 /* NetworkAdapter+Extension.swift */,
			);
			path = Class;
			sourceTree = "<group>";
		};
		96E199082A3DF57800CBD393 /* Conformances */ = {
			isa = PBXGroup;
			children = (
				96E199182A3DFCA400CBD393 /* Contract */,
			);
			path = Conformances;
			sourceTree = "<group>";
		};
		96E199112A3DF7BE00CBD393 /* Enums */ = {
			isa = PBXGroup;
			children = (
				96E1991B2A3DFD0300CBD393 /* HardCoded */,
			);
			path = Enums;
			sourceTree = "<group>";
		};
		96E199122A3DF7C600CBD393 /* Extensions+SDK */ = {
			isa = PBXGroup;
			children = (
				9672E1052A40B209005A8822 /* String.swift */,
				96BA720B2A446C9B00442923 /* Int.swift */,
				96BA720D2A446FFE00442923 /* Double.swift */,
				9672E0F92A3FDF4E005A8822 /* CLLocation.swift */,
			);
			path = "Extensions+SDK";
			sourceTree = "<group>";
		};
		96E199132A3DF7E500CBD393 /* Structs */ = {
			isa = PBXGroup;
			children = (
				96E199142A3DFBFC00CBD393 /* Types */,
				96E199152A3DFC0900CBD393 /* Constants */,
			);
			path = Structs;
			sourceTree = "<group>";
		};
		96E199142A3DFBFC00CBD393 /* Types */ = {
			isa = PBXGroup;
			children = (
				96E199162A3DFC3300CBD393 /* SearchQuery.swift */,
				96362CDB2A3E719C00E561E0 /* Position.swift */,
				9672E0F42A3FD92A005A8822 /* Flag.swift */,
			);
			path = Types;
			sourceTree = "<group>";
		};
		96E199152A3DFC0900CBD393 /* Constants */ = {
			isa = PBXGroup;
			children = (
				96362CF72A3F858500E561E0 /* AppConstants.swift */,
			);
			path = Constants;
			sourceTree = "<group>";
		};
		96E199182A3DFCA400CBD393 /* Contract */ = {
			isa = PBXGroup;
			children = (
				96E199192A3DFCCA00CBD393 /* GeocodingSearchAPI+Endpointable.swift */,
			);
			path = Contract;
			sourceTree = "<group>";
		};
		96E1991B2A3DFD0300CBD393 /* HardCoded */ = {
			isa = PBXGroup;
			children = (
				96E1991C2A3DFD1700CBD393 /* HardCoded+String.swift */,
			);
			path = HardCoded;
			sourceTree = "<group>";
		};
		96E199202A3DFDFE00CBD393 /* HardCoded */ = {
			isa = PBXGroup;
			children = (
				96E1991E2A3DFDBB00CBD393 /* HardCoded+API.swift */,
				9672E13B2A425A15005A8822 /* Alpha3.swift */,
			);
			path = HardCoded;
			sourceTree = "<group>";
		};
		96E199212A3E0C8D00CBD393 /* Endpoints */ = {
			isa = PBXGroup;
			children = (
				96362CE22A3E8F8000E561E0 /* Extension */,
				96E1990D2A3DF64600CBD393 /* GeocodingSearchAPI.swift */,
			);
			path = Endpoints;
			sourceTree = "<group>";
		};
/* End PBXGroup section */

/* Begin PBXNativeTarget section */
		961F14132A38D16E00BF9A7C /* TenAroundMe */ = {
			isa = PBXNativeTarget;
			buildConfigurationList = 961F14412A38D17000BF9A7C /* Build configuration list for PBXNativeTarget "TenAroundMe" */;
			buildPhases = (
				961F14102A38D16E00BF9A7C /* Sources */,
				961F14112A38D16E00BF9A7C /* Frameworks */,
				961F14122A38D16E00BF9A7C /* Resources */,
			);
			buildRules = (
			);
			dependencies = (
			);
			name = TenAroundMe;
			productName = TenAroundMe;
			productReference = 961F14142A38D16E00BF9A7C /* TenAroundMe.app */;
			productType = "com.apple.product-type.application";
		};
		961F142C2A38D17000BF9A7C /* TenAroundMeTests */ = {
			isa = PBXNativeTarget;
			buildConfigurationList = 961F14442A38D17000BF9A7C /* Build configuration list for PBXNativeTarget "TenAroundMeTests" */;
			buildPhases = (
				961F14292A38D17000BF9A7C /* Sources */,
				961F142A2A38D17000BF9A7C /* Frameworks */,
				961F142B2A38D17000BF9A7C /* Resources */,
			);
			buildRules = (
			);
			dependencies = (
				961F142F2A38D17000BF9A7C /* PBXTargetDependency */,
			);
			name = TenAroundMeTests;
			productName = TenAroundMeTests;
			productReference = 961F142D2A38D17000BF9A7C /* TenAroundMeTests.xctest */;
			productType = "com.apple.product-type.bundle.unit-test";
		};
		961F14362A38D17000BF9A7C /* TenAroundMeUITests */ = {
			isa = PBXNativeTarget;
			buildConfigurationList = 961F14472A38D17000BF9A7C /* Build configuration list for PBXNativeTarget "TenAroundMeUITests" */;
			buildPhases = (
				961F14332A38D17000BF9A7C /* Sources */,
				961F14342A38D17000BF9A7C /* Frameworks */,
				961F14352A38D17000BF9A7C /* Resources */,
			);
			buildRules = (
			);
			dependencies = (
				961F14392A38D17000BF9A7C /* PBXTargetDependency */,
			);
			name = TenAroundMeUITests;
			productName = TenAroundMeUITests;
			productReference = 961F14372A38D17000BF9A7C /* TenAroundMeUITests.xctest */;
			productType = "com.apple.product-type.bundle.ui-testing";
		};
/* End PBXNativeTarget section */

/* Begin PBXProject section */
		961F140C2A38D16E00BF9A7C /* Project object */ = {
			isa = PBXProject;
			attributes = {
				BuildIndependentTargetsInParallel = 1;
				LastSwiftUpdateCheck = 1430;
				LastUpgradeCheck = 1430;
				TargetAttributes = {
					961F14132A38D16E00BF9A7C = {
						CreatedOnToolsVersion = 14.3.1;
					};
					961F142C2A38D17000BF9A7C = {
						CreatedOnToolsVersion = 14.3.1;
						TestTargetID = 961F14132A38D16E00BF9A7C;
					};
					961F14362A38D17000BF9A7C = {
						CreatedOnToolsVersion = 14.3.1;
						TestTargetID = 961F14132A38D16E00BF9A7C;
					};
				};
			};
			buildConfigurationList = 961F140F2A38D16E00BF9A7C /* Build configuration list for PBXProject "TenAroundMe" */;
			compatibilityVersion = "Xcode 14.0";
			developmentRegion = en;
			hasScannedForEncodings = 0;
			knownRegions = (
				en,
				Base,
			);
			mainGroup = 961F140B2A38D16E00BF9A7C;
			productRefGroup = 961F14152A38D16E00BF9A7C /* Products */;
			projectDirPath = "";
			projectRoot = "";
			targets = (
				961F14132A38D16E00BF9A7C /* TenAroundMe */,
				961F142C2A38D17000BF9A7C /* TenAroundMeTests */,
				961F14362A38D17000BF9A7C /* TenAroundMeUITests */,
			);
		};
/* End PBXProject section */

/* Begin PBXResourcesBuildPhase section */
		961F14122A38D16E00BF9A7C /* Resources */ = {
			isa = PBXResourcesBuildPhase;
			buildActionMask = 2147483647;
			files = (
				961F146B2A3A3F6C00BF9A7C /* MockUps.png in Resources */,
				961F14272A38D17000BF9A7C /* LaunchScreen.storyboard in Resources */,
				9686258B2A3DC52E00ACFC26 /* SearchResultsVC.xib in Resources */,
				961F14792A3BB03800BF9A7C /* Map.storyboard in Resources */,
				968625932A3DC9DB00ACFC26 /* SearchCell.xib in Resources */,
				961F14242A38D17000BF9A7C /* Assets.xcassets in Resources */,
				9672E1232A40EBCD005A8822 /* PlacesCell.xib in Resources */,
				961F14812A3BB2C700BF9A7C /* DetailVC.xib in Resources */,
				9672E1102A40E6DD005A8822 /* PlacesResultsVC.xib in Resources */,
			);
			runOnlyForDeploymentPostprocessing = 0;
		};
		961F142B2A38D17000BF9A7C /* Resources */ = {
			isa = PBXResourcesBuildPhase;
			buildActionMask = 2147483647;
			files = (
			);
			runOnlyForDeploymentPostprocessing = 0;
		};
		961F14352A38D17000BF9A7C /* Resources */ = {
			isa = PBXResourcesBuildPhase;
			buildActionMask = 2147483647;
			files = (
			);
			runOnlyForDeploymentPostprocessing = 0;
		};
/* End PBXResourcesBuildPhase section */

/* Begin PBXSourcesBuildPhase section */
		961F14102A38D16E00BF9A7C /* Sources */ = {
			isa = PBXSourcesBuildPhase;
			buildActionMask = 2147483647;
			files = (
				96BA720C2A446C9B00442923 /* Int.swift in Sources */,
				96362CE82A3E976800E561E0 /* SuggestDTO.swift in Sources */,
				9672E11C2A40EA8D005A8822 /* PlacesResultsVC+UITableViewDatasource.swift in Sources */,
				9686258A2A3DC52E00ACFC26 /* SearchResultsVC.swift in Sources */,
				96BA72082A43615300442923 /* CoreDataTableVC.swift in Sources */,
				96362CDA2A3E5A4200E561E0 /* Use Cases & Thoughts.swift in Sources */,
				9672E12C2A40ED57005A8822 /* PlacesCell+Delegate.swift in Sources */,
				96362CE42A3E968700E561E0 /* PlacesDTO.swift in Sources */,
				961F14F42A3CF06F00BF9A7C /* MapVM+MapVMContract.swift in Sources */,
				96362CF12A3F3EB000E561E0 /* SearchResultsVC+Contract.swift in Sources */,
				968625A92A3DCCC100ACFC26 /* SearchResultsVC+UITableViewDatasource.swift in Sources */,
				96362CDC2A3E719C00E561E0 /* Position.swift in Sources */,
				961F14F02A3CEFFB00BF9A7C /* MapVM+Extension.swift in Sources */,
				9672E11E2A40EB1A005A8822 /* PlacesResultsVC+PlacesCellDelegate.swift in Sources */,
				961F14A12A3CCA1D00BF9A7C /* MapModel.swift in Sources */,
				9672E11A2A40EA73005A8822 /* PlacesResultsVC+UITableViewDelegate.swift in Sources */,
				961F14182A38D16E00BF9A7C /* AppDelegate.swift in Sources */,
				968625922A3DC9DB00ACFC26 /* SearchCell.swift in Sources */,
				961F14692A38FD0A00BF9A7C /* Project Decisions.swift in Sources */,
				96E1990C2A3DF5E400CBD393 /* NetworkErrorTypes.swift in Sources */,
				961F14222A38D16E00BF9A7C /* TenAroundMe.xcdatamodeld in Sources */,
				96BA720A2A438B0E00442923 /* CoreDataModel.swift in Sources */,
				961F14A32A3CCB1500BF9A7C /* MapVM.swift in Sources */,
				96362D012A3FC5A900E561E0 /* MapVC+CLLocationManagerDelegate.swift in Sources */,
				9672E1152A40E937005A8822 /* PlacesResultsVC+PlacesResultsVCContract.swift in Sources */,
				96E199022A3DF30D00CBD393 /* InternetManager.swift in Sources */,
				9672E1222A40EBCD005A8822 /* PlacesCell.swift in Sources */,
				96362CE62A3E970700E561E0 /* DetailDTO.swift in Sources */,
				96E199062A3DF55200CBD393 /* RequestType.swift in Sources */,
				9672E0F52A3FD92A005A8822 /* Flag.swift in Sources */,
				96362CF42A3F3F1700E561E0 /* SearchResultsVC+SearchResultsVCContract.swift in Sources */,
				968625A72A3DCC5D00ACFC26 /* SearchResultsVC+UITableViewDelegate.swift in Sources */,
				96E198FA2A3DF17000CBD393 /* NetworkAdapter.swift in Sources */,
				961F14CA2A3CE43E00BF9A7C /* MapVC+MapVMDelegate.swift in Sources */,
				961F14E22A3CEBA700BF9A7C /* MapModelDelegate.swift in Sources */,
				961F14C22A3CE33500BF9A7C /* MapVC+Contract.swift in Sources */,
				96362CF62A3F567D00E561E0 /* MapVC+UISearchControllerDelegate.swift in Sources */,
				96362CF82A3F858500E561E0 /* AppConstants.swift in Sources */,
				96362CD82A3E599C00E561E0 /* Endpoint.swift in Sources */,
				968625872A3DC00700ACFC26 /* MapVC+UISearchBarDelegate.swift in Sources */,
				96E1991F2A3DFDBB00CBD393 /* HardCoded+API.swift in Sources */,
				961F146F2A3B90DA00BF9A7C /* Public Link.swift in Sources */,
				961F14672A38E9E100BF9A7C /* Daily Journal.swift in Sources */,
				961F14802A3BB2C700BF9A7C /* DetailVC.swift in Sources */,
				96E1991D2A3DFD1700CBD393 /* HardCoded+String.swift in Sources */,
				96362CED2A3F23CC00E561E0 /* SuggestDataModel.swift in Sources */,
				961F145F2A38D8BA00BF9A7C /* Project Description.swift in Sources */,
				96E199102A3DF73F00CBD393 /* RequestQuery.swift in Sources */,
				9672E13C2A425A15005A8822 /* Alpha3.swift in Sources */,
				961F14EC2A3CEF6E00BF9A7C /* MapVM+Delegate.swift in Sources */,
				9672E1042A408B10005A8822 /* MapVC+MKMapViewDelegate.swift in Sources */,
				9686259E2A3DCAC000ACFC26 /* SearchCellModel.swift in Sources */,
				96BA72192A44A09100442923 /* DetailVC+DetailVCContract.swift in Sources */,
				9672E10F2A40E6DD005A8822 /* PlacesResultsVC.swift in Sources */,
				961F14C42A3CE38F00BF9A7C /* MapVC+Extension.swift in Sources */,
				9672E0FA2A3FDF4E005A8822 /* CLLocation.swift in Sources */,
				96362CEB2A3F238600E561E0 /* PlacesDataModel.swift in Sources */,
				9672E0F82A3FDC40005A8822 /* Places.swift in Sources */,
				96E1991A2A3DFCCA00CBD393 /* GeocodingSearchAPI+Endpointable.swift in Sources */,
				96E1990E2A3DF64600CBD393 /* GeocodingSearchAPI.swift in Sources */,
				96E199242A3E159C00CBD393 /* GeocodingSearchAPI+Extension.swift in Sources */,
				9672E1062A40B209005A8822 /* String.swift in Sources */,
				9672E10C2A40E0A6005A8822 /* PlacesResultsTableVC+Contract.swift in Sources */,
				961F14EA2A3CEF4200BF9A7C /* MapVM+Contract.swift in Sources */,
				96362CE02A3E781800E561E0 /* EndpointTypes.swift in Sources */,
				961F14C82A3CE3CF00BF9A7C /* MapVC+MapVCContract.swift in Sources */,
				961F14762A3BAF7300BF9A7C /* MapVC.swift in Sources */,
				96E199172A3DFC3300CBD393 /* SearchQuery.swift in Sources */,
				96E199042A3DF4BC00CBD393 /* Endpointable+Contract.swift in Sources */,
				96E1990A2A3DF58D00CBD393 /* NetworkAdapter+Extension.swift in Sources */,
				96BA72142A449FF100442923 /* DetailVC+Contract.swift in Sources */,
				96BA720E2A446FFE00442923 /* Double.swift in Sources */,
				961F14F72A3CF0E200BF9A7C /* MapVM+MapModelDelegate.swift in Sources */,
			);
			runOnlyForDeploymentPostprocessing = 0;
		};
		961F14292A38D17000BF9A7C /* Sources */ = {
			isa = PBXSourcesBuildPhase;
			buildActionMask = 2147483647;
			files = (
				961F14322A38D17000BF9A7C /* TenAroundMeTests.swift in Sources */,
			);
			runOnlyForDeploymentPostprocessing = 0;
		};
		961F14332A38D17000BF9A7C /* Sources */ = {
			isa = PBXSourcesBuildPhase;
			buildActionMask = 2147483647;
			files = (
				961F143C2A38D17000BF9A7C /* TenAroundMeUITests.swift in Sources */,
				961F143E2A38D17000BF9A7C /* TenAroundMeUITestsLaunchTests.swift in Sources */,
			);
			runOnlyForDeploymentPostprocessing = 0;
		};
/* End PBXSourcesBuildPhase section */

/* Begin PBXTargetDependency section */
		961F142F2A38D17000BF9A7C /* PBXTargetDependency */ = {
			isa = PBXTargetDependency;
			target = 961F14132A38D16E00BF9A7C /* TenAroundMe */;
			targetProxy = 961F142E2A38D17000BF9A7C /* PBXContainerItemProxy */;
		};
		961F14392A38D17000BF9A7C /* PBXTargetDependency */ = {
			isa = PBXTargetDependency;
			target = 961F14132A38D16E00BF9A7C /* TenAroundMe */;
			targetProxy = 961F14382A38D17000BF9A7C /* PBXContainerItemProxy */;
		};
/* End PBXTargetDependency section */

/* Begin PBXVariantGroup section */
		961F14252A38D17000BF9A7C /* LaunchScreen.storyboard */ = {
			isa = PBXVariantGroup;
			children = (
				961F14262A38D17000BF9A7C /* Base */,
			);
			name = LaunchScreen.storyboard;
			sourceTree = "<group>";
		};
/* End PBXVariantGroup section */

/* Begin XCBuildConfiguration section */
		961F143F2A38D17000BF9A7C /* Debug */ = {
			isa = XCBuildConfiguration;
			buildSettings = {
				ALWAYS_SEARCH_USER_PATHS = NO;
				CLANG_ANALYZER_NONNULL = YES;
				CLANG_ANALYZER_NUMBER_OBJECT_CONVERSION = YES_AGGRESSIVE;
				CLANG_CXX_LANGUAGE_STANDARD = "gnu++20";
				CLANG_ENABLE_MODULES = YES;
				CLANG_ENABLE_OBJC_ARC = YES;
				CLANG_ENABLE_OBJC_WEAK = YES;
				CLANG_WARN_BLOCK_CAPTURE_AUTORELEASING = YES;
				CLANG_WARN_BOOL_CONVERSION = YES;
				CLANG_WARN_COMMA = YES;
				CLANG_WARN_CONSTANT_CONVERSION = YES;
				CLANG_WARN_DEPRECATED_OBJC_IMPLEMENTATIONS = YES;
				CLANG_WARN_DIRECT_OBJC_ISA_USAGE = YES_ERROR;
				CLANG_WARN_DOCUMENTATION_COMMENTS = YES;
				CLANG_WARN_EMPTY_BODY = YES;
				CLANG_WARN_ENUM_CONVERSION = YES;
				CLANG_WARN_INFINITE_RECURSION = YES;
				CLANG_WARN_INT_CONVERSION = YES;
				CLANG_WARN_NON_LITERAL_NULL_CONVERSION = YES;
				CLANG_WARN_OBJC_IMPLICIT_RETAIN_SELF = YES;
				CLANG_WARN_OBJC_LITERAL_CONVERSION = YES;
				CLANG_WARN_OBJC_ROOT_CLASS = YES_ERROR;
				CLANG_WARN_QUOTED_INCLUDE_IN_FRAMEWORK_HEADER = YES;
				CLANG_WARN_RANGE_LOOP_ANALYSIS = YES;
				CLANG_WARN_STRICT_PROTOTYPES = YES;
				CLANG_WARN_SUSPICIOUS_MOVE = YES;
				CLANG_WARN_UNGUARDED_AVAILABILITY = YES_AGGRESSIVE;
				CLANG_WARN_UNREACHABLE_CODE = YES;
				CLANG_WARN__DUPLICATE_METHOD_MATCH = YES;
				COPY_PHASE_STRIP = NO;
				DEBUG_INFORMATION_FORMAT = dwarf;
				ENABLE_STRICT_OBJC_MSGSEND = YES;
				ENABLE_TESTABILITY = YES;
				GCC_C_LANGUAGE_STANDARD = gnu11;
				GCC_DYNAMIC_NO_PIC = NO;
				GCC_NO_COMMON_BLOCKS = YES;
				GCC_OPTIMIZATION_LEVEL = 0;
				GCC_PREPROCESSOR_DEFINITIONS = (
					"DEBUG=1",
					"$(inherited)",
				);
				GCC_WARN_64_TO_32_BIT_CONVERSION = YES;
				GCC_WARN_ABOUT_RETURN_TYPE = YES_ERROR;
				GCC_WARN_UNDECLARED_SELECTOR = YES;
				GCC_WARN_UNINITIALIZED_AUTOS = YES_AGGRESSIVE;
				GCC_WARN_UNUSED_FUNCTION = YES;
				GCC_WARN_UNUSED_VARIABLE = YES;
				IPHONEOS_DEPLOYMENT_TARGET = 16.4;
				MTL_ENABLE_DEBUG_INFO = INCLUDE_SOURCE;
				MTL_FAST_MATH = YES;
				ONLY_ACTIVE_ARCH = YES;
				SDKROOT = iphoneos;
				SWIFT_ACTIVE_COMPILATION_CONDITIONS = DEBUG;
				SWIFT_OPTIMIZATION_LEVEL = "-Onone";
			};
			name = Debug;
		};
		961F14402A38D17000BF9A7C /* Release */ = {
			isa = XCBuildConfiguration;
			buildSettings = {
				ALWAYS_SEARCH_USER_PATHS = NO;
				CLANG_ANALYZER_NONNULL = YES;
				CLANG_ANALYZER_NUMBER_OBJECT_CONVERSION = YES_AGGRESSIVE;
				CLANG_CXX_LANGUAGE_STANDARD = "gnu++20";
				CLANG_ENABLE_MODULES = YES;
				CLANG_ENABLE_OBJC_ARC = YES;
				CLANG_ENABLE_OBJC_WEAK = YES;
				CLANG_WARN_BLOCK_CAPTURE_AUTORELEASING = YES;
				CLANG_WARN_BOOL_CONVERSION = YES;
				CLANG_WARN_COMMA = YES;
				CLANG_WARN_CONSTANT_CONVERSION = YES;
				CLANG_WARN_DEPRECATED_OBJC_IMPLEMENTATIONS = YES;
				CLANG_WARN_DIRECT_OBJC_ISA_USAGE = YES_ERROR;
				CLANG_WARN_DOCUMENTATION_COMMENTS = YES;
				CLANG_WARN_EMPTY_BODY = YES;
				CLANG_WARN_ENUM_CONVERSION = YES;
				CLANG_WARN_INFINITE_RECURSION = YES;
				CLANG_WARN_INT_CONVERSION = YES;
				CLANG_WARN_NON_LITERAL_NULL_CONVERSION = YES;
				CLANG_WARN_OBJC_IMPLICIT_RETAIN_SELF = YES;
				CLANG_WARN_OBJC_LITERAL_CONVERSION = YES;
				CLANG_WARN_OBJC_ROOT_CLASS = YES_ERROR;
				CLANG_WARN_QUOTED_INCLUDE_IN_FRAMEWORK_HEADER = YES;
				CLANG_WARN_RANGE_LOOP_ANALYSIS = YES;
				CLANG_WARN_STRICT_PROTOTYPES = YES;
				CLANG_WARN_SUSPICIOUS_MOVE = YES;
				CLANG_WARN_UNGUARDED_AVAILABILITY = YES_AGGRESSIVE;
				CLANG_WARN_UNREACHABLE_CODE = YES;
				CLANG_WARN__DUPLICATE_METHOD_MATCH = YES;
				COPY_PHASE_STRIP = NO;
				DEBUG_INFORMATION_FORMAT = "dwarf-with-dsym";
				ENABLE_NS_ASSERTIONS = NO;
				ENABLE_STRICT_OBJC_MSGSEND = YES;
				GCC_C_LANGUAGE_STANDARD = gnu11;
				GCC_NO_COMMON_BLOCKS = YES;
				GCC_WARN_64_TO_32_BIT_CONVERSION = YES;
				GCC_WARN_ABOUT_RETURN_TYPE = YES_ERROR;
				GCC_WARN_UNDECLARED_SELECTOR = YES;
				GCC_WARN_UNINITIALIZED_AUTOS = YES_AGGRESSIVE;
				GCC_WARN_UNUSED_FUNCTION = YES;
				GCC_WARN_UNUSED_VARIABLE = YES;
				IPHONEOS_DEPLOYMENT_TARGET = 16.4;
				MTL_ENABLE_DEBUG_INFO = NO;
				MTL_FAST_MATH = YES;
				SDKROOT = iphoneos;
				SWIFT_COMPILATION_MODE = wholemodule;
				SWIFT_OPTIMIZATION_LEVEL = "-O";
				VALIDATE_PRODUCT = YES;
			};
			name = Release;
		};
		961F14422A38D17000BF9A7C /* Debug */ = {
			isa = XCBuildConfiguration;
			buildSettings = {
				ASSETCATALOG_COMPILER_APPICON_NAME = AppIcon;
				ASSETCATALOG_COMPILER_GLOBAL_ACCENT_COLOR_NAME = AccentColor;
				CODE_SIGN_STYLE = Automatic;
				CURRENT_PROJECT_VERSION = 1;
				DEVELOPMENT_TEAM = GQM8T6BKPB;
				GENERATE_INFOPLIST_FILE = YES;
				INFOPLIST_FILE = TenAroundMe/Info.plist;
				INFOPLIST_KEY_LSApplicationCategoryType = "public.app-category.navigation";
				INFOPLIST_KEY_NSLocationWhenInUseUsageDescription = "TenAroundMe requires access to your location to provide you with a personalized experience and show you the top 10 places closest to your current location.";
				INFOPLIST_KEY_UIApplicationSupportsIndirectInputEvents = YES;
				INFOPLIST_KEY_UILaunchStoryboardName = LaunchScreen;
				INFOPLIST_KEY_UIMainStoryboardFile = Map;
				INFOPLIST_KEY_UISupportedInterfaceOrientations = UIInterfaceOrientationPortrait;
				IPHONEOS_DEPLOYMENT_TARGET = 16.0;
				LD_RUNPATH_SEARCH_PATHS = (
					"$(inherited)",
					"@executable_path/Frameworks",
				);
				MARKETING_VERSION = 1.0;
				PRODUCT_BUNDLE_IDENTIFIER = osman.sefa.ibis.TenAroundMe;
				PRODUCT_NAME = "$(TARGET_NAME)";
				SUPPORTED_PLATFORMS = "iphoneos iphonesimulator";
				SUPPORTS_MACCATALYST = NO;
				SUPPORTS_MAC_DESIGNED_FOR_IPHONE_IPAD = NO;
				SWIFT_EMIT_LOC_STRINGS = YES;
				SWIFT_VERSION = 5.0;
				TARGETED_DEVICE_FAMILY = 1;
			};
			name = Debug;
		};
		961F14432A38D17000BF9A7C /* Release */ = {
			isa = XCBuildConfiguration;
			buildSettings = {
				ASSETCATALOG_COMPILER_APPICON_NAME = AppIcon;
				ASSETCATALOG_COMPILER_GLOBAL_ACCENT_COLOR_NAME = AccentColor;
				CODE_SIGN_STYLE = Automatic;
				CURRENT_PROJECT_VERSION = 1;
				DEVELOPMENT_TEAM = GQM8T6BKPB;
				GENERATE_INFOPLIST_FILE = YES;
				INFOPLIST_FILE = TenAroundMe/Info.plist;
				INFOPLIST_KEY_LSApplicationCategoryType = "public.app-category.navigation";
				INFOPLIST_KEY_NSLocationWhenInUseUsageDescription = "TenAroundMe requires access to your location to provide you with a personalized experience and show you the top 10 places closest to your current location.";
				INFOPLIST_KEY_UIApplicationSupportsIndirectInputEvents = YES;
				INFOPLIST_KEY_UILaunchStoryboardName = LaunchScreen;
				INFOPLIST_KEY_UIMainStoryboardFile = Map;
				INFOPLIST_KEY_UISupportedInterfaceOrientations = UIInterfaceOrientationPortrait;
				IPHONEOS_DEPLOYMENT_TARGET = 16.0;
				LD_RUNPATH_SEARCH_PATHS = (
					"$(inherited)",
					"@executable_path/Frameworks",
				);
				MARKETING_VERSION = 1.0;
				PRODUCT_BUNDLE_IDENTIFIER = osman.sefa.ibis.TenAroundMe;
				PRODUCT_NAME = "$(TARGET_NAME)";
				SUPPORTED_PLATFORMS = "iphoneos iphonesimulator";
				SUPPORTS_MACCATALYST = NO;
				SUPPORTS_MAC_DESIGNED_FOR_IPHONE_IPAD = NO;
				SWIFT_EMIT_LOC_STRINGS = YES;
				SWIFT_VERSION = 5.0;
				TARGETED_DEVICE_FAMILY = 1;
			};
			name = Release;
		};
		961F14452A38D17000BF9A7C /* Debug */ = {
			isa = XCBuildConfiguration;
			buildSettings = {
				ALWAYS_EMBED_SWIFT_STANDARD_LIBRARIES = YES;
				BUNDLE_LOADER = "$(TEST_HOST)";
				CODE_SIGN_STYLE = Automatic;
				CURRENT_PROJECT_VERSION = 1;
				DEVELOPMENT_TEAM = GQM8T6BKPB;
				GENERATE_INFOPLIST_FILE = YES;
				IPHONEOS_DEPLOYMENT_TARGET = 16.4;
				MARKETING_VERSION = 1.0;
				PRODUCT_BUNDLE_IDENTIFIER = osman.sefa.ibis.TenAroundMeTests;
				PRODUCT_NAME = "$(TARGET_NAME)";
				SUPPORTED_PLATFORMS = "iphoneos iphonesimulator";
				SUPPORTS_MACCATALYST = NO;
				SUPPORTS_MAC_DESIGNED_FOR_IPHONE_IPAD = NO;
				SWIFT_EMIT_LOC_STRINGS = NO;
				SWIFT_VERSION = 5.0;
				TARGETED_DEVICE_FAMILY = 1;
				TEST_HOST = "$(BUILT_PRODUCTS_DIR)/TenAroundMe.app/$(BUNDLE_EXECUTABLE_FOLDER_PATH)/TenAroundMe";
			};
			name = Debug;
		};
		961F14462A38D17000BF9A7C /* Release */ = {
			isa = XCBuildConfiguration;
			buildSettings = {
				ALWAYS_EMBED_SWIFT_STANDARD_LIBRARIES = YES;
				BUNDLE_LOADER = "$(TEST_HOST)";
				CODE_SIGN_STYLE = Automatic;
				CURRENT_PROJECT_VERSION = 1;
				DEVELOPMENT_TEAM = GQM8T6BKPB;
				GENERATE_INFOPLIST_FILE = YES;
				IPHONEOS_DEPLOYMENT_TARGET = 16.4;
				MARKETING_VERSION = 1.0;
				PRODUCT_BUNDLE_IDENTIFIER = osman.sefa.ibis.TenAroundMeTests;
				PRODUCT_NAME = "$(TARGET_NAME)";
				SUPPORTED_PLATFORMS = "iphoneos iphonesimulator";
				SUPPORTS_MACCATALYST = NO;
				SUPPORTS_MAC_DESIGNED_FOR_IPHONE_IPAD = NO;
				SWIFT_EMIT_LOC_STRINGS = NO;
				SWIFT_VERSION = 5.0;
				TARGETED_DEVICE_FAMILY = 1;
				TEST_HOST = "$(BUILT_PRODUCTS_DIR)/TenAroundMe.app/$(BUNDLE_EXECUTABLE_FOLDER_PATH)/TenAroundMe";
			};
			name = Release;
		};
		961F14482A38D17000BF9A7C /* Debug */ = {
			isa = XCBuildConfiguration;
			buildSettings = {
				ALWAYS_EMBED_SWIFT_STANDARD_LIBRARIES = YES;
				CODE_SIGN_STYLE = Automatic;
				CURRENT_PROJECT_VERSION = 1;
				DEVELOPMENT_TEAM = GQM8T6BKPB;
				GENERATE_INFOPLIST_FILE = YES;
				MARKETING_VERSION = 1.0;
				PRODUCT_BUNDLE_IDENTIFIER = osman.sefa.ibis.TenAroundMeUITests;
				PRODUCT_NAME = "$(TARGET_NAME)";
				SUPPORTED_PLATFORMS = "iphoneos iphonesimulator";
				SUPPORTS_MACCATALYST = NO;
				SUPPORTS_MAC_DESIGNED_FOR_IPHONE_IPAD = NO;
				SWIFT_EMIT_LOC_STRINGS = NO;
				SWIFT_VERSION = 5.0;
				TARGETED_DEVICE_FAMILY = 1;
				TEST_TARGET_NAME = TenAroundMe;
			};
			name = Debug;
		};
		961F14492A38D17000BF9A7C /* Release */ = {
			isa = XCBuildConfiguration;
			buildSettings = {
				ALWAYS_EMBED_SWIFT_STANDARD_LIBRARIES = YES;
				CODE_SIGN_STYLE = Automatic;
				CURRENT_PROJECT_VERSION = 1;
				DEVELOPMENT_TEAM = GQM8T6BKPB;
				GENERATE_INFOPLIST_FILE = YES;
				MARKETING_VERSION = 1.0;
				PRODUCT_BUNDLE_IDENTIFIER = osman.sefa.ibis.TenAroundMeUITests;
				PRODUCT_NAME = "$(TARGET_NAME)";
				SUPPORTED_PLATFORMS = "iphoneos iphonesimulator";
				SUPPORTS_MACCATALYST = NO;
				SUPPORTS_MAC_DESIGNED_FOR_IPHONE_IPAD = NO;
				SWIFT_EMIT_LOC_STRINGS = NO;
				SWIFT_VERSION = 5.0;
				TARGETED_DEVICE_FAMILY = 1;
				TEST_TARGET_NAME = TenAroundMe;
			};
			name = Release;
		};
/* End XCBuildConfiguration section */

/* Begin XCConfigurationList section */
		961F140F2A38D16E00BF9A7C /* Build configuration list for PBXProject "TenAroundMe" */ = {
			isa = XCConfigurationList;
			buildConfigurations = (
				961F143F2A38D17000BF9A7C /* Debug */,
				961F14402A38D17000BF9A7C /* Release */,
			);
			defaultConfigurationIsVisible = 0;
			defaultConfigurationName = Release;
		};
		961F14412A38D17000BF9A7C /* Build configuration list for PBXNativeTarget "TenAroundMe" */ = {
			isa = XCConfigurationList;
			buildConfigurations = (
				961F14422A38D17000BF9A7C /* Debug */,
				961F14432A38D17000BF9A7C /* Release */,
			);
			defaultConfigurationIsVisible = 0;
			defaultConfigurationName = Release;
		};
		961F14442A38D17000BF9A7C /* Build configuration list for PBXNativeTarget "TenAroundMeTests" */ = {
			isa = XCConfigurationList;
			buildConfigurations = (
				961F14452A38D17000BF9A7C /* Debug */,
				961F14462A38D17000BF9A7C /* Release */,
			);
			defaultConfigurationIsVisible = 0;
			defaultConfigurationName = Release;
		};
		961F14472A38D17000BF9A7C /* Build configuration list for PBXNativeTarget "TenAroundMeUITests" */ = {
			isa = XCConfigurationList;
			buildConfigurations = (
				961F14482A38D17000BF9A7C /* Debug */,
				961F14492A38D17000BF9A7C /* Release */,
			);
			defaultConfigurationIsVisible = 0;
			defaultConfigurationName = Release;
		};
/* End XCConfigurationList section */

/* Begin XCVersionGroup section */
		961F14202A38D16E00BF9A7C /* TenAroundMe.xcdatamodeld */ = {
			isa = XCVersionGroup;
			children = (
				961F14212A38D16E00BF9A7C /* TenAroundMe.xcdatamodel */,
			);
			currentVersion = 961F14212A38D16E00BF9A7C /* TenAroundMe.xcdatamodel */;
			path = TenAroundMe.xcdatamodeld;
			sourceTree = "<group>";
			versionGroupType = wrapper.xcdatamodel;
		};
/* End XCVersionGroup section */
	};
	rootObject = 961F140C2A38D16E00BF9A7C /* Project object */;
}
